// !$*UTF8*$!
{
	archiveVersion = 1;
	classes = {
	};
	objectVersion = 55;
	objects = {

/* Begin PBXBuildFile section */
		7F0133962831C90E0028502E /* FabricaAutomovilesApp.swift in Sources */ = {isa = PBXBuildFile; fileRef = 7F0133862831C90E0028502E /* FabricaAutomovilesApp.swift */; };
		7F0133972831C90F0028502E /* FabricaAutomovilesApp.swift in Sources */ = {isa = PBXBuildFile; fileRef = 7F0133862831C90E0028502E /* FabricaAutomovilesApp.swift */; };
		7F0133982831C90F0028502E /* ContentView.swift in Sources */ = {isa = PBXBuildFile; fileRef = 7F0133872831C90E0028502E /* ContentView.swift */; };
		7F0133992831C90F0028502E /* ContentView.swift in Sources */ = {isa = PBXBuildFile; fileRef = 7F0133872831C90E0028502E /* ContentView.swift */; };
		7F01339A2831C90F0028502E /* Assets.xcassets in Resources */ = {isa = PBXBuildFile; fileRef = 7F0133882831C90E0028502E /* Assets.xcassets */; };
		7F01339B2831C90F0028502E /* Assets.xcassets in Resources */ = {isa = PBXBuildFile; fileRef = 7F0133882831C90E0028502E /* Assets.xcassets */; };
		7F0133A52831C9F40028502E /* Automovil.swift in Sources */ = {isa = PBXBuildFile; fileRef = 7F0133A42831C9F40028502E /* Automovil.swift */; };
		7F0133A62831C9F40028502E /* Automovil.swift in Sources */ = {isa = PBXBuildFile; fileRef = 7F0133A42831C9F40028502E /* Automovil.swift */; };
		7F0133A82831D4B40028502E /* ViewController.swift in Sources */ = {isa = PBXBuildFile; fileRef = 7F0133A72831D4B40028502E /* ViewController.swift */; };
		7F0133A92831D4B40028502E /* ViewController.swift in Sources */ = {isa = PBXBuildFile; fileRef = 7F0133A72831D4B40028502E /* ViewController.swift */; };
/* End PBXBuildFile section */

/* Begin PBXFileReference section */
		7F0133862831C90E0028502E /* FabricaAutomovilesApp.swift */ = {isa = PBXFileReference; lastKnownFileType = sourcecode.swift; path = FabricaAutomovilesApp.swift; sourceTree = "<group>"; };
		7F0133872831C90E0028502E /* ContentView.swift */ = {isa = PBXFileReference; lastKnownFileType = sourcecode.swift; path = ContentView.swift; sourceTree = "<group>"; };
		7F0133882831C90E0028502E /* Assets.xcassets */ = {isa = PBXFileReference; lastKnownFileType = folder.assetcatalog; path = Assets.xcassets; sourceTree = "<group>"; };
		7F01338D2831C90E0028502E /* FabricaAutomoviles.app */ = {isa = PBXFileReference; explicitFileType = wrapper.application; includeInIndex = 0; path = FabricaAutomoviles.app; sourceTree = BUILT_PRODUCTS_DIR; };
		7F0133932831C90E0028502E /* FabricaAutomoviles.app */ = {isa = PBXFileReference; explicitFileType = wrapper.application; includeInIndex = 0; path = FabricaAutomoviles.app; sourceTree = BUILT_PRODUCTS_DIR; };
		7F0133952831C90E0028502E /* macOS.entitlements */ = {isa = PBXFileReference; lastKnownFileType = text.plist.entitlements; path = macOS.entitlements; sourceTree = "<group>"; };
		7F0133A42831C9F40028502E /* Automovil.swift */ = {isa = PBXFileReference; lastKnownFileType = sourcecode.swift; path = Automovil.swift; sourceTree = "<group>"; };
		7F0133A72831D4B40028502E /* ViewController.swift */ = {isa = PBXFileReference; lastKnownFileType = sourcecode.swift; path = ViewController.swift; sourceTree = "<group>"; };
/* End PBXFileReference section */

/* Begin PBXFrameworksBuildPhase section */
		7F01338A2831C90E0028502E /* Frameworks */ = {
			isa = PBXFrameworksBuildPhase;
			buildActionMask = 2147483647;
			files = (
			);
			runOnlyForDeploymentPostprocessing = 0;
		};
		7F0133902831C90E0028502E /* Frameworks */ = {
			isa = PBXFrameworksBuildPhase;
			buildActionMask = 2147483647;
			files = (
			);
			runOnlyForDeploymentPostprocessing = 0;
		};
/* End PBXFrameworksBuildPhase section */

/* Begin PBXGroup section */
		7F0133802831C90E0028502E = {
			isa = PBXGroup;
			children = (
				7F0133A72831D4B40028502E /* ViewController.swift */,
				7F0133852831C90E0028502E /* Shared */,
				7F0133942831C90E0028502E /* macOS */,
				7F01338E2831C90E0028502E /* Products */,
			);
			sourceTree = "<group>";
		};
		7F0133852831C90E0028502E /* Shared */ = {
			isa = PBXGroup;
			children = (
				7F0133862831C90E0028502E /* FabricaAutomovilesApp.swift */,
				7F0133872831C90E0028502E /* ContentView.swift */,
				7F0133882831C90E0028502E /* Assets.xcassets */,
				7F0133A42831C9F40028502E /* Automovil.swift */,
			);
			path = Shared;
			sourceTree = "<group>";
		};
		7F01338E2831C90E0028502E /* Products */ = {
			isa = PBXGroup;
			children = (
				7F01338D2831C90E0028502E /* FabricaAutomoviles.app */,
				7F0133932831C90E0028502E /* FabricaAutomoviles.app */,
			);
			name = Products;
			sourceTree = "<group>";
		};
		7F0133942831C90E0028502E /* macOS */ = {
			isa = PBXGroup;
			children = (
				7F0133952831C90E0028502E /* macOS.entitlements */,
			);
			path = macOS;
			sourceTree = "<group>";
		};
/* End PBXGroup section */

/* Begin PBXNativeTarget section */
		7F01338C2831C90E0028502E /* FabricaAutomoviles (iOS) */ = {
			isa = PBXNativeTarget;
			buildConfigurationList = 7F01339E2831C90F0028502E /* Build configuration list for PBXNativeTarget "FabricaAutomoviles (iOS)" */;
			buildPhases = (
				7F0133892831C90E0028502E /* Sources */,
				7F01338A2831C90E0028502E /* Frameworks */,
				7F01338B2831C90E0028502E /* Resources */,
			);
			buildRules = (
			);
			dependencies = (
			);
			name = "FabricaAutomoviles (iOS)";
			productName = "FabricaAutomoviles (iOS)";
			productReference = 7F01338D2831C90E0028502E /* FabricaAutomoviles.app */;
			productType = "com.apple.product-type.application";
		};
		7F0133922831C90E0028502E /* FabricaAutomoviles (macOS) */ = {
			isa = PBXNativeTarget;
			buildConfigurationList = 7F0133A12831C90F0028502E /* Build configuration list for PBXNativeTarget "FabricaAutomoviles (macOS)" */;
			buildPhases = (
				7F01338F2831C90E0028502E /* Sources */,
				7F0133902831C90E0028502E /* Frameworks */,
				7F0133912831C90E0028502E /* Resources */,
			);
			buildRules = (
			);
			dependencies = (
			);
			name = "FabricaAutomoviles (macOS)";
			productName = "FabricaAutomoviles (macOS)";
			productReference = 7F0133932831C90E0028502E /* FabricaAutomoviles.app */;
			productType = "com.apple.product-type.application";
		};
/* End PBXNativeTarget section */

/* Begin PBXProject section */
		7F0133812831C90E0028502E /* Project object */ = {
			isa = PBXProject;
			attributes = {
				BuildIndependentTargetsInParallel = 1;
				LastSwiftUpdateCheck = 1330;
				LastUpgradeCheck = 1330;
				TargetAttributes = {
					7F01338C2831C90E0028502E = {
						CreatedOnToolsVersion = 13.3.1;
					};
					7F0133922831C90E0028502E = {
						CreatedOnToolsVersion = 13.3.1;
					};
				};
			};
			buildConfigurationList = 7F0133842831C90E0028502E /* Build configuration list for PBXProject "FabricaAutomoviles" */;
			compatibilityVersion = "Xcode 13.0";
			developmentRegion = en;
			hasScannedForEncodings = 0;
			knownRegions = (
				en,
				Base,
			);
			mainGroup = 7F0133802831C90E0028502E;
			productRefGroup = 7F01338E2831C90E0028502E /* Products */;
			projectDirPath = "";
			projectRoot = "";
			targets = (
				7F01338C2831C90E0028502E /* FabricaAutomoviles (iOS) */,
				7F0133922831C90E0028502E /* FabricaAutomoviles (macOS) */,
			);
		};
/* End PBXProject section */

/* Begin PBXResourcesBuildPhase section */
		7F01338B2831C90E0028502E /* Resources */ = {
			isa = PBXResourcesBuildPhase;
			buildActionMask = 2147483647;
			files = (
				7F01339A2831C90F0028502E /* Assets.xcassets in Resources */,
			);
			runOnlyForDeploymentPostprocessing = 0;
		};
		7F0133912831C90E0028502E /* Resources */ = {
			isa = PBXResourcesBuildPhase;
			buildActionMask = 2147483647;
			files = (
				7F01339B2831C90F0028502E /* Assets.xcassets in Resources */,
			);
			runOnlyForDeploymentPostprocessing = 0;
		};
/* End PBXResourcesBuildPhase section */

/* Begin PBXSourcesBuildPhase section */
		7F0133892831C90E0028502E /* Sources */ = {
			isa = PBXSourcesBuildPhase;
			buildActionMask = 2147483647;
			files = (
				7F0133A52831C9F40028502E /* Automovil.swift in Sources */,
				7F0133982831C90F0028502E /* ContentView.swift in Sources */,
				7F0133A82831D4B40028502E /* ViewController.swift in Sources */,
				7F0133962831C90E0028502E /* FabricaAutomovilesApp.swift in Sources */,
			);
			runOnlyForDeploymentPostprocessing = 0;
		};
		7F01338F2831C90E0028502E /* Sources */ = {
			isa = PBXSourcesBuildPhase;
			buildActionMask = 2147483647;
			files = (
				7F0133A62831C9F40028502E /* Automovil.swift in Sources */,
				7F0133992831C90F0028502E /* ContentView.swift in Sources */,
				7F0133A92831D4B40028502E /* ViewController.swift in Sources */,
				7F0133972831C90F0028502E /* FabricaAutomovilesApp.swift in Sources */,
			);
			runOnlyForDeploymentPostprocessing = 0;
		};
/* End PBXSourcesBuildPhase section */

/* Begin XCBuildConfiguration section */
		7F01339C2831C90F0028502E /* Debug */ = {
			isa = XCBuildConfiguration;
			buildSettings = {
				ALWAYS_SEARCH_USER_PATHS = NO;
				CLANG_ANALYZER_NONNULL = YES;
				CLANG_ANALYZER_NUMBER_OBJECT_CONVERSION = YES_AGGRESSIVE;
				CLANG_CXX_LANGUAGE_STANDARD = "gnu++17";
				CLANG_ENABLE_MODULES = YES;
				CLANG_ENABLE_OBJC_ARC = YES;
				CLANG_ENABLE_OBJC_WEAK = YES;
				CLANG_WARN_BLOCK_CAPTURE_AUTORELEASING = YES;
				CLANG_WARN_BOOL_CONVERSION = YES;
				CLANG_WARN_COMMA = YES;
				CLANG_WARN_CONSTANT_CONVERSION = YES;
				CLANG_WARN_DEPRECATED_OBJC_IMPLEMENTATIONS = YES;
				CLANG_WARN_DIRECT_OBJC_ISA_USAGE = YES_ERROR;
				CLANG_WARN_DOCUMENTATION_COMMENTS = YES;
				CLANG_WARN_EMPTY_BODY = YES;
				CLANG_WARN_ENUM_CONVERSION = YES;
				CLANG_WARN_INFINITE_RECURSION = YES;
				CLANG_WARN_INT_CONVERSION = YES;
				CLANG_WARN_NON_LITERAL_NULL_CONVERSION = YES;
				CLANG_WARN_OBJC_IMPLICIT_RETAIN_SELF = YES;
				CLANG_WARN_OBJC_LITERAL_CONVERSION = YES;
				CLANG_WARN_OBJC_ROOT_CLASS = YES_ERROR;
				CLANG_WARN_QUOTED_INCLUDE_IN_FRAMEWORK_HEADER = YES;
				CLANG_WARN_RANGE_LOOP_ANALYSIS = YES;
				CLANG_WARN_STRICT_PROTOTYPES = YES;
				CLANG_WARN_SUSPICIOUS_MOVE = YES;
				CLANG_WARN_UNGUARDED_AVAILABILITY = YES_AGGRESSIVE;
				CLANG_WARN_UNREACHABLE_CODE = YES;
				CLANG_WARN__DUPLICATE_METHOD_MATCH = YES;
				COPY_PHASE_STRIP = NO;
				DEBUG_INFORMATION_FORMAT = dwarf;
				ENABLE_STRICT_OBJC_MSGSEND = YES;
				ENABLE_TESTABILITY = YES;
				GCC_C_LANGUAGE_STANDARD = gnu11;
				GCC_DYNAMIC_NO_PIC = NO;
				GCC_NO_COMMON_BLOCKS = YES;
				GCC_OPTIMIZATION_LEVEL = 0;
				GCC_PREPROCESSOR_DEFINITIONS = (
					"DEBUG=1",
					"$(inherited)",
				);
				GCC_WARN_64_TO_32_BIT_CONVERSION = YES;
				GCC_WARN_ABOUT_RETURN_TYPE = YES_ERROR;
				GCC_WARN_UNDECLARED_SELECTOR = YES;
				GCC_WARN_UNINITIALIZED_AUTOS = YES_AGGRESSIVE;
				GCC_WARN_UNUSED_FUNCTION = YES;
				GCC_WARN_UNUSED_VARIABLE = YES;
				MTL_ENABLE_DEBUG_INFO = INCLUDE_SOURCE;
				MTL_FAST_MATH = YES;
				ONLY_ACTIVE_ARCH = YES;
				SWIFT_ACTIVE_COMPILATION_CONDITIONS = DEBUG;
				SWIFT_OPTIMIZATION_LEVEL = "-Onone";
			};
			name = Debug;
		};
		7F01339D2831C90F0028502E /* Release */ = {
			isa = XCBuildConfiguration;
			buildSettings = {
				ALWAYS_SEARCH_USER_PATHS = NO;
				CLANG_ANALYZER_NONNULL = YES;
				CLANG_ANALYZER_NUMBER_OBJECT_CONVERSION = YES_AGGRESSIVE;
				CLANG_CXX_LANGUAGE_STANDARD = "gnu++17";
				CLANG_ENABLE_MODULES = YES;
				CLANG_ENABLE_OBJC_ARC = YES;
				CLANG_ENABLE_OBJC_WEAK = YES;
				CLANG_WARN_BLOCK_CAPTURE_AUTORELEASING = YES;
				CLANG_WARN_BOOL_CONVERSION = YES;
				CLANG_WARN_COMMA = YES;
				CLANG_WARN_CONSTANT_CONVERSION = YES;
				CLANG_WARN_DEPRECATED_OBJC_IMPLEMENTATIONS = YES;
				CLANG_WARN_DIRECT_OBJC_ISA_USAGE = YES_ERROR;
				CLANG_WARN_DOCUMENTATION_COMMENTS = YES;
				CLANG_WARN_EMPTY_BODY = YES;
				CLANG_WARN_ENUM_CONVERSION = YES;
				CLANG_WARN_INFINITE_RECURSION = YES;
				CLANG_WARN_INT_CONVERSION = YES;
				CLANG_WARN_NON_LITERAL_NULL_CONVERSION = YES;
				CLANG_WARN_OBJC_IMPLICIT_RETAIN_SELF = YES;
				CLANG_WARN_OBJC_LITERAL_CONVERSION = YES;
				CLANG_WARN_OBJC_ROOT_CLASS = YES_ERROR;
				CLANG_WARN_QUOTED_INCLUDE_IN_FRAMEWORK_HEADER = YES;
				CLANG_WARN_RANGE_LOOP_ANALYSIS = YES;
				CLANG_WARN_STRICT_PROTOTYPES = YES;
				CLANG_WARN_SUSPICIOUS_MOVE = YES;
				CLANG_WARN_UNGUARDED_AVAILABILITY = YES_AGGRESSIVE;
				CLANG_WARN_UNREACHABLE_CODE = YES;
				CLANG_WARN__DUPLICATE_METHOD_MATCH = YES;
				COPY_PHASE_STRIP = NO;
				DEBUG_INFORMATION_FORMAT = "dwarf-with-dsym";
				ENABLE_NS_ASSERTIONS = NO;
				ENABLE_STRICT_OBJC_MSGSEND = YES;
				GCC_C_LANGUAGE_STANDARD = gnu11;
				GCC_NO_COMMON_BLOCKS = YES;
				GCC_WARN_64_TO_32_BIT_CONVERSION = YES;
				GCC_WARN_ABOUT_RETURN_TYPE = YES_ERROR;
				GCC_WARN_UNDECLARED_SELECTOR = YES;
				GCC_WARN_UNINITIALIZED_AUTOS = YES_AGGRESSIVE;
				GCC_WARN_UNUSED_FUNCTION = YES;
				GCC_WARN_UNUSED_VARIABLE = YES;
				MTL_ENABLE_DEBUG_INFO = NO;
				MTL_FAST_MATH = YES;
				SWIFT_COMPILATION_MODE = wholemodule;
				SWIFT_OPTIMIZATION_LEVEL = "-O";
			};
			name = Release;
		};
		7F01339F2831C90F0028502E /* Debug */ = {
			isa = XCBuildConfiguration;
			buildSettings = {
				ASSETCATALOG_COMPILER_APPICON_NAME = AppIcon;
				ASSETCATALOG_COMPILER_GLOBAL_ACCENT_COLOR_NAME = AccentColor;
				CODE_SIGN_STYLE = Automatic;
				CURRENT_PROJECT_VERSION = 1;
				DEVELOPMENT_TEAM = 4UYL73L62L;
				ENABLE_PREVIEWS = YES;
				GENERATE_INFOPLIST_FILE = YES;
				INFOPLIST_KEY_UIApplicationSceneManifest_Generation = YES;
				INFOPLIST_KEY_UIApplicationSupportsIndirectInputEvents = YES;
				INFOPLIST_KEY_UILaunchScreen_Generation = YES;
				INFOPLIST_KEY_UISupportedInterfaceOrientations_iPad = "UIInterfaceOrientationPortrait UIInterfaceOrientationPortraitUpsideDown UIInterfaceOrientationLandscapeLeft UIInterfaceOrientationLandscapeRight";
				INFOPLIST_KEY_UISupportedInterfaceOrientations_iPhone = "UIInterfaceOrientationPortrait UIInterfaceOrientationLandscapeLeft UIInterfaceOrientationLandscapeRight";
				IPHONEOS_DEPLOYMENT_TARGET = 15.4;
				LD_RUNPATH_SEARCH_PATHS = (
					"$(inherited)",
					"@executable_path/Frameworks",
				);
				MARKETING_VERSION = 1.0;
				PRODUCT_BUNDLE_IDENTIFIER = com.sanlegas.playgrounds.FabricaAutomoviles;
				PRODUCT_NAME = FabricaAutomoviles;
				SDKROOT = iphoneos;
				SWIFT_EMIT_LOC_STRINGS = YES;
				SWIFT_VERSION = 5.0;
				TARGETED_DEVICE_FAMILY = "1,2";
			};
			name = Debug;
		};
		7F0133A02831C90F0028502E /* Release */ = {
			isa = XCBuildConfiguration;
			buildSettings = {
				ASSETCATALOG_COMPILER_APPICON_NAME = AppIcon;
				ASSETCATALOG_COMPILER_GLOBAL_ACCENT_COLOR_NAME = AccentColor;
				CODE_SIGN_STYLE = Automatic;
				CURRENT_PROJECT_VERSION = 1;
				DEVELOPMENT_TEAM = 4UYL73L62L;
				ENABLE_PREVIEWS = YES;
				GENERATE_INFOPLIST_FILE = YES;
				INFOPLIST_KEY_UIApplicationSceneManifest_Generation = YES;
				INFOPLIST_KEY_UIApplicationSupportsIndirectInputEvents = YES;
				INFOPLIST_KEY_UILaunchScreen_Generation = YES;
				INFOPLIST_KEY_UISupportedInterfaceOrientations_iPad = "UIInterfaceOrientationPortrait UIInterfaceOrientationPortraitUpsideDown UIInterfaceOrientationLandscapeLeft UIInterfaceOrientationLandscapeRight";
				INFOPLIST_KEY_UISupportedInterfaceOrientations_iPhone = "UIInterfaceOrientationPortrait UIInterfaceOrientationLandscapeLeft UIInterfaceOrientationLandscapeRight";
				IPHONEOS_DEPLOYMENT_TARGET = 15.4;
				LD_RUNPATH_SEARCH_PATHS = (
					"$(inherited)",
					"@executable_path/Frameworks",
				);
				MARKETING_VERSION = 1.0;
				PRODUCT_BUNDLE_IDENTIFIER = com.sanlegas.playgrounds.FabricaAutomoviles;
				PRODUCT_NAME = FabricaAutomoviles;
				SDKROOT = iphoneos;
				SWIFT_EMIT_LOC_STRINGS = YES;
				SWIFT_VERSION = 5.0;
				TARGETED_DEVICE_FAMILY = "1,2";
				VALIDATE_PRODUCT = YES;
			};
			name = Release;
		};
		7F0133A22831C90F0028502E /* Debug */ = {
			isa = XCBuildConfiguration;
			buildSettings = {
				ASSETCATALOG_COMPILER_APPICON_NAME = AppIcon;
				ASSETCATALOG_COMPILER_GLOBAL_ACCENT_COLOR_NAME = AccentColor;
				CODE_SIGN_ENTITLEMENTS = macOS/macOS.entitlements;
				CODE_SIGN_STYLE = Automatic;
				COMBINE_HIDPI_IMAGES = YES;
				CURRENT_PROJECT_VERSION = 1;
				DEVELOPMENT_TEAM = 4UYL73L62L;
				ENABLE_HARDENED_RUNTIME = YES;
				ENABLE_PREVIEWS = YES;
				GENERATE_INFOPLIST_FILE = YES;
				INFOPLIST_KEY_NSHumanReadableCopyright = "";
				LD_RUNPATH_SEARCH_PATHS = (
					"$(inherited)",
					"@executable_path/../Frameworks",
				);
				MACOSX_DEPLOYMENT_TARGET = 12.2;
				MARKETING_VERSION = 1.0;
				PRODUCT_BUNDLE_IDENTIFIER = com.sanlegas.playgrounds.FabricaAutomoviles;
				PRODUCT_NAME = FabricaAutomoviles;
				SDKROOT = macosx;
				SWIFT_EMIT_LOC_STRINGS = YES;
				SWIFT_VERSION = 5.0;
			};
			name = Debug;
		};
		7F0133A32831C90F0028502E /* Release */ = {
			isa = XCBuildConfiguration;
			buildSettings = {
				ASSETCATALOG_COMPILER_APPICON_NAME = AppIcon;
				ASSETCATALOG_COMPILER_GLOBAL_ACCENT_COLOR_NAME = AccentColor;
				CODE_SIGN_ENTITLEMENTS = macOS/macOS.entitlements;
				CODE_SIGN_STYLE = Automatic;
				COMBINE_HIDPI_IMAGES = YES;
				CURRENT_PROJECT_VERSION = 1;
				DEVELOPMENT_TEAM = 4UYL73L62L;
				ENABLE_HARDENED_RUNTIME = YES;
				ENABLE_PREVIEWS = YES;
				GENERATE_INFOPLIST_FILE = YES;
				INFOPLIST_KEY_NSHumanReadableCopyright = "";
				LD_RUNPATH_SEARCH_PATHS = (
					"$(inherited)",
					"@executable_path/../Frameworks",
				);
				MACOSX_DEPLOYMENT_TARGET = 12.2;
				MARKETING_VERSION = 1.0;
				PRODUCT_BUNDLE_IDENTIFIER = com.sanlegas.playgrounds.FabricaAutomoviles;
				PRODUCT_NAME = FabricaAutomoviles;
				SDKROOT = macosx;
				SWIFT_EMIT_LOC_STRINGS = YES;
				SWIFT_VERSION = 5.0;
			};
			name = Release;
		};
/* End XCBuildConfiguration section */

/* Begin XCConfigurationList section */
		7F0133842831C90E0028502E /* Build configuration list for PBXProject "FabricaAutomoviles" */ = {
			isa = XCConfigurationList;
			buildConfigurations = (
				7F01339C2831C90F0028502E /* Debug */,
				7F01339D2831C90F0028502E /* Release */,
			);
			defaultConfigurationIsVisible = 0;
			defaultConfigurationName = Release;
		};
		7F01339E2831C90F0028502E /* Build configuration list for PBXNativeTarget "FabricaAutomoviles (iOS)" */ = {
			isa = XCConfigurationList;
			buildConfigurations = (
				7F01339F2831C90F0028502E /* Debug */,
				7F0133A02831C90F0028502E /* Release */,
			);
			defaultConfigurationIsVisible = 0;
			defaultConfigurationName = Release;
		};
		7F0133A12831C90F0028502E /* Build configuration list for PBXNativeTarget "FabricaAutomoviles (macOS)" */ = {
			isa = XCConfigurationList;
			buildConfigurations = (
				7F0133A22831C90F0028502E /* Debug */,
				7F0133A32831C90F0028502E /* Release */,
			);
			defaultConfigurationIsVisible = 0;
			defaultConfigurationName = Release;
		};
/* End XCConfigurationList section */
	};
	rootObject = 7F0133812831C90E0028502E /* Project object */;
}
