// !$*UTF8*$!
{
	archiveVersion = 1;
	classes = {
	};
	objectVersion = 55;
	objects = {

/* Begin PBXBuildFile section */
		7FD09FEA285916BD00572ED3 /* VIPERCHIDOApp.swift in Sources */ = {isa = PBXBuildFile; fileRef = 7FD09FE9285916BD00572ED3 /* VIPERCHIDOApp.swift */; };
		7FD09FEC285916BD00572ED3 /* ContentView.swift in Sources */ = {isa = PBXBuildFile; fileRef = 7FD09FEB285916BD00572ED3 /* ContentView.swift */; };
		7FD09FEE285916BD00572ED3 /* Assets.xcassets in Resources */ = {isa = PBXBuildFile; fileRef = 7FD09FED285916BD00572ED3 /* Assets.xcassets */; };
		7FD09FF1285916BD00572ED3 /* Preview Assets.xcassets in Resources */ = {isa = PBXBuildFile; fileRef = 7FD09FF0285916BD00572ED3 /* Preview Assets.xcassets */; };
		7FD09FFD2859173D00572ED3 /* sanlegasPresenter.swift in Sources */ = {isa = PBXBuildFile; fileRef = 7FD09FF72859173D00572ED3 /* sanlegasPresenter.swift */; };
		7FD09FFE2859173D00572ED3 /* sanlegasRouter.swift in Sources */ = {isa = PBXBuildFile; fileRef = 7FD09FF82859173D00572ED3 /* sanlegasRouter.swift */; };
		7FD09FFF2859173D00572ED3 /* sanlegasViewController.swift in Sources */ = {isa = PBXBuildFile; fileRef = 7FD09FF92859173D00572ED3 /* sanlegasViewController.swift */; };
		7FD0A0002859173D00572ED3 /* sanlegasProtocols.swift in Sources */ = {isa = PBXBuildFile; fileRef = 7FD09FFA2859173D00572ED3 /* sanlegasProtocols.swift */; };
		7FD0A0012859173D00572ED3 /* sanlegasInteractor.swift in Sources */ = {isa = PBXBuildFile; fileRef = 7FD09FFB2859173D00572ED3 /* sanlegasInteractor.swift */; };
		7FD0A0022859173D00572ED3 /* sanlegasViewController.xib in Resources */ = {isa = PBXBuildFile; fileRef = 7FD09FFC2859173D00572ED3 /* sanlegasViewController.xib */; };
/* End PBXBuildFile section */

/* Begin PBXFileReference section */
		7FD09FE6285916BD00572ED3 /* VIPERCHIDO.app */ = {isa = PBXFileReference; explicitFileType = wrapper.application; includeInIndex = 0; path = VIPERCHIDO.app; sourceTree = BUILT_PRODUCTS_DIR; };
		7FD09FE9285916BD00572ED3 /* VIPERCHIDOApp.swift */ = {isa = PBXFileReference; lastKnownFileType = sourcecode.swift; path = VIPERCHIDOApp.swift; sourceTree = "<group>"; };
		7FD09FEB285916BD00572ED3 /* ContentView.swift */ = {isa = PBXFileReference; lastKnownFileType = sourcecode.swift; path = ContentView.swift; sourceTree = "<group>"; };
		7FD09FED285916BD00572ED3 /* Assets.xcassets */ = {isa = PBXFileReference; lastKnownFileType = folder.assetcatalog; path = Assets.xcassets; sourceTree = "<group>"; };
		7FD09FF0285916BD00572ED3 /* Preview Assets.xcassets */ = {isa = PBXFileReference; lastKnownFileType = folder.assetcatalog; path = "Preview Assets.xcassets"; sourceTree = "<group>"; };
		7FD09FF72859173D00572ED3 /* sanlegasPresenter.swift */ = {isa = PBXFileReference; lastKnownFileType = sourcecode.swift; path = sanlegasPresenter.swift; sourceTree = "<group>"; };
		7FD09FF82859173D00572ED3 /* sanlegasRouter.swift */ = {isa = PBXFileReference; lastKnownFileType = sourcecode.swift; path = sanlegasRouter.swift; sourceTree = "<group>"; };
		7FD09FF92859173D00572ED3 /* sanlegasViewController.swift */ = {isa = PBXFileReference; lastKnownFileType = sourcecode.swift; path = sanlegasViewController.swift; sourceTree = "<group>"; };
		7FD09FFA2859173D00572ED3 /* sanlegasProtocols.swift */ = {isa = PBXFileReference; lastKnownFileType = sourcecode.swift; path = sanlegasProtocols.swift; sourceTree = "<group>"; };
		7FD09FFB2859173D00572ED3 /* sanlegasInteractor.swift */ = {isa = PBXFileReference; lastKnownFileType = sourcecode.swift; path = sanlegasInteractor.swift; sourceTree = "<group>"; };
		7FD09FFC2859173D00572ED3 /* sanlegasViewController.xib */ = {isa = PBXFileReference; lastKnownFileType = file.xib; path = sanlegasViewController.xib; sourceTree = "<group>"; };
/* End PBXFileReference section */

/* Begin PBXFrameworksBuildPhase section */
		7FD09FE3285916BD00572ED3 /* Frameworks */ = {
			isa = PBXFrameworksBuildPhase;
			buildActionMask = 2147483647;
			files = (
			);
			runOnlyForDeploymentPostprocessing = 0;
		};
/* End PBXFrameworksBuildPhase section */

/* Begin PBXGroup section */
		7FD09FDD285916BD00572ED3 = {
			isa = PBXGroup;
			children = (
				7FD09FE8285916BD00572ED3 /* VIPERCHIDO */,
				7FD09FE7285916BD00572ED3 /* Products */,
			);
			sourceTree = "<group>";
		};
		7FD09FE7285916BD00572ED3 /* Products */ = {
			isa = PBXGroup;
			children = (
				7FD09FE6285916BD00572ED3 /* VIPERCHIDO.app */,
			);
			name = Products;
			sourceTree = "<group>";
		};
		7FD09FE8285916BD00572ED3 /* VIPERCHIDO */ = {
			isa = PBXGroup;
			children = (
				7FD09FE9285916BD00572ED3 /* VIPERCHIDOApp.swift */,
				7FD09FEB285916BD00572ED3 /* ContentView.swift */,
				7FD09FED285916BD00572ED3 /* Assets.xcassets */,
				7FD09FEF285916BD00572ED3 /* Preview Content */,
				7FD09FF72859173D00572ED3 /* sanlegasPresenter.swift */,
				7FD09FF82859173D00572ED3 /* sanlegasRouter.swift */,
				7FD09FF92859173D00572ED3 /* sanlegasViewController.swift */,
				7FD09FFA2859173D00572ED3 /* sanlegasProtocols.swift */,
				7FD09FFB2859173D00572ED3 /* sanlegasInteractor.swift */,
				7FD09FFC2859173D00572ED3 /* sanlegasViewController.xib */,
			);
			path = VIPERCHIDO;
			sourceTree = "<group>";
		};
		7FD09FEF285916BD00572ED3 /* Preview Content */ = {
			isa = PBXGroup;
			children = (
				7FD09FF0285916BD00572ED3 /* Preview Assets.xcassets */,
			);
			path = "Preview Content";
			sourceTree = "<group>";
		};
/* End PBXGroup section */

/* Begin PBXNativeTarget section */
		7FD09FE5285916BD00572ED3 /* VIPERCHIDO */ = {
			isa = PBXNativeTarget;
			buildConfigurationList = 7FD09FF4285916BD00572ED3 /* Build configuration list for PBXNativeTarget "VIPERCHIDO" */;
			buildPhases = (
				7FD09FE2285916BD00572ED3 /* Sources */,
				7FD09FE3285916BD00572ED3 /* Frameworks */,
				7FD09FE4285916BD00572ED3 /* Resources */,
			);
			buildRules = (
			);
			dependencies = (
			);
			name = VIPERCHIDO;
			productName = VIPERCHIDO;
			productReference = 7FD09FE6285916BD00572ED3 /* VIPERCHIDO.app */;
			productType = "com.apple.product-type.application";
		};
/* End PBXNativeTarget section */

/* Begin PBXProject section */
		7FD09FDE285916BD00572ED3 /* Project object */ = {
			isa = PBXProject;
			attributes = {
				BuildIndependentTargetsInParallel = 1;
				LastSwiftUpdateCheck = 1340;
				LastUpgradeCheck = 1340;
				TargetAttributes = {
					7FD09FE5285916BD00572ED3 = {
						CreatedOnToolsVersion = 13.4.1;
					};
				};
			};
			buildConfigurationList = 7FD09FE1285916BD00572ED3 /* Build configuration list for PBXProject "VIPERCHIDO" */;
			compatibilityVersion = "Xcode 13.0";
			developmentRegion = en;
			hasScannedForEncodings = 0;
			knownRegions = (
				en,
				Base,
			);
			mainGroup = 7FD09FDD285916BD00572ED3;
			productRefGroup = 7FD09FE7285916BD00572ED3 /* Products */;
			projectDirPath = "";
			projectRoot = "";
			targets = (
				7FD09FE5285916BD00572ED3 /* VIPERCHIDO */,
			);
		};
/* End PBXProject section */

/* Begin PBXResourcesBuildPhase section */
		7FD09FE4285916BD00572ED3 /* Resources */ = {
			isa = PBXResourcesBuildPhase;
			buildActionMask = 2147483647;
			files = (
				7FD0A0022859173D00572ED3 /* sanlegasViewController.xib in Resources */,
				7FD09FF1285916BD00572ED3 /* Preview Assets.xcassets in Resources */,
				7FD09FEE285916BD00572ED3 /* Assets.xcassets in Resources */,
			);
			runOnlyForDeploymentPostprocessing = 0;
		};
/* End PBXResourcesBuildPhase section */

/* Begin PBXSourcesBuildPhase section */
		7FD09FE2285916BD00572ED3 /* Sources */ = {
			isa = PBXSourcesBuildPhase;
			buildActionMask = 2147483647;
			files = (
				7FD09FEC285916BD00572ED3 /* ContentView.swift in Sources */,
				7FD09FFD2859173D00572ED3 /* sanlegasPresenter.swift in Sources */,
				7FD09FFF2859173D00572ED3 /* sanlegasViewController.swift in Sources */,
				7FD0A0002859173D00572ED3 /* sanlegasProtocols.swift in Sources */,
				7FD09FFE2859173D00572ED3 /* sanlegasRouter.swift in Sources */,
				7FD0A0012859173D00572ED3 /* sanlegasInteractor.swift in Sources */,
				7FD09FEA285916BD00572ED3 /* VIPERCHIDOApp.swift in Sources */,
			);
			runOnlyForDeploymentPostprocessing = 0;
		};
/* End PBXSourcesBuildPhase section */

/* Begin XCBuildConfiguration section */
		7FD09FF2285916BD00572ED3 /* Debug */ = {
			isa = XCBuildConfiguration;
			buildSettings = {
				ALWAYS_SEARCH_USER_PATHS = NO;
				CLANG_ANALYZER_NONNULL = YES;
				CLANG_ANALYZER_NUMBER_OBJECT_CONVERSION = YES_AGGRESSIVE;
				CLANG_CXX_LANGUAGE_STANDARD = "gnu++17";
				CLANG_ENABLE_MODULES = YES;
				CLANG_ENABLE_OBJC_ARC = YES;
				CLANG_ENABLE_OBJC_WEAK = YES;
				CLANG_WARN_BLOCK_CAPTURE_AUTORELEASING = YES;
				CLANG_WARN_BOOL_CONVERSION = YES;
				CLANG_WARN_COMMA = YES;
				CLANG_WARN_CONSTANT_CONVERSION = YES;
				CLANG_WARN_DEPRECATED_OBJC_IMPLEMENTATIONS = YES;
				CLANG_WARN_DIRECT_OBJC_ISA_USAGE = YES_ERROR;
				CLANG_WARN_DOCUMENTATION_COMMENTS = YES;
				CLANG_WARN_EMPTY_BODY = YES;
				CLANG_WARN_ENUM_CONVERSION = YES;
				CLANG_WARN_INFINITE_RECURSION = YES;
				CLANG_WARN_INT_CONVERSION = YES;
				CLANG_WARN_NON_LITERAL_NULL_CONVERSION = YES;
				CLANG_WARN_OBJC_IMPLICIT_RETAIN_SELF = YES;
				CLANG_WARN_OBJC_LITERAL_CONVERSION = YES;
				CLANG_WARN_OBJC_ROOT_CLASS = YES_ERROR;
				CLANG_WARN_QUOTED_INCLUDE_IN_FRAMEWORK_HEADER = YES;
				CLANG_WARN_RANGE_LOOP_ANALYSIS = YES;
				CLANG_WARN_STRICT_PROTOTYPES = YES;
				CLANG_WARN_SUSPICIOUS_MOVE = YES;
				CLANG_WARN_UNGUARDED_AVAILABILITY = YES_AGGRESSIVE;
				CLANG_WARN_UNREACHABLE_CODE = YES;
				CLANG_WARN__DUPLICATE_METHOD_MATCH = YES;
				COPY_PHASE_STRIP = NO;
				DEBUG_INFORMATION_FORMAT = dwarf;
				ENABLE_STRICT_OBJC_MSGSEND = YES;
				ENABLE_TESTABILITY = YES;
				GCC_C_LANGUAGE_STANDARD = gnu11;
				GCC_DYNAMIC_NO_PIC = NO;
				GCC_NO_COMMON_BLOCKS = YES;
				GCC_OPTIMIZATION_LEVEL = 0;
				GCC_PREPROCESSOR_DEFINITIONS = (
					"DEBUG=1",
					"$(inherited)",
				);
				GCC_WARN_64_TO_32_BIT_CONVERSION = YES;
				GCC_WARN_ABOUT_RETURN_TYPE = YES_ERROR;
				GCC_WARN_UNDECLARED_SELECTOR = YES;
				GCC_WARN_UNINITIALIZED_AUTOS = YES_AGGRESSIVE;
				GCC_WARN_UNUSED_FUNCTION = YES;
				GCC_WARN_UNUSED_VARIABLE = YES;
				IPHONEOS_DEPLOYMENT_TARGET = 15.5;
				MTL_ENABLE_DEBUG_INFO = INCLUDE_SOURCE;
				MTL_FAST_MATH = YES;
				ONLY_ACTIVE_ARCH = YES;
				SDKROOT = iphoneos;
				SWIFT_ACTIVE_COMPILATION_CONDITIONS = DEBUG;
				SWIFT_OPTIMIZATION_LEVEL = "-Onone";
			};
			name = Debug;
		};
		7FD09FF3285916BD00572ED3 /* Release */ = {
			isa = XCBuildConfiguration;
			buildSettings = {
				ALWAYS_SEARCH_USER_PATHS = NO;
				CLANG_ANALYZER_NONNULL = YES;
				CLANG_ANALYZER_NUMBER_OBJECT_CONVERSION = YES_AGGRESSIVE;
				CLANG_CXX_LANGUAGE_STANDARD = "gnu++17";
				CLANG_ENABLE_MODULES = YES;
				CLANG_ENABLE_OBJC_ARC = YES;
				CLANG_ENABLE_OBJC_WEAK = YES;
				CLANG_WARN_BLOCK_CAPTURE_AUTORELEASING = YES;
				CLANG_WARN_BOOL_CONVERSION = YES;
				CLANG_WARN_COMMA = YES;
				CLANG_WARN_CONSTANT_CONVERSION = YES;
				CLANG_WARN_DEPRECATED_OBJC_IMPLEMENTATIONS = YES;
				CLANG_WARN_DIRECT_OBJC_ISA_USAGE = YES_ERROR;
				CLANG_WARN_DOCUMENTATION_COMMENTS = YES;
				CLANG_WARN_EMPTY_BODY = YES;
				CLANG_WARN_ENUM_CONVERSION = YES;
				CLANG_WARN_INFINITE_RECURSION = YES;
				CLANG_WARN_INT_CONVERSION = YES;
				CLANG_WARN_NON_LITERAL_NULL_CONVERSION = YES;
				CLANG_WARN_OBJC_IMPLICIT_RETAIN_SELF = YES;
				CLANG_WARN_OBJC_LITERAL_CONVERSION = YES;
				CLANG_WARN_OBJC_ROOT_CLASS = YES_ERROR;
				CLANG_WARN_QUOTED_INCLUDE_IN_FRAMEWORK_HEADER = YES;
				CLANG_WARN_RANGE_LOOP_ANALYSIS = YES;
				CLANG_WARN_STRICT_PROTOTYPES = YES;
				CLANG_WARN_SUSPICIOUS_MOVE = YES;
				CLANG_WARN_UNGUARDED_AVAILABILITY = YES_AGGRESSIVE;
				CLANG_WARN_UNREACHABLE_CODE = YES;
				CLANG_WARN__DUPLICATE_METHOD_MATCH = YES;
				COPY_PHASE_STRIP = NO;
				DEBUG_INFORMATION_FORMAT = "dwarf-with-dsym";
				ENABLE_NS_ASSERTIONS = NO;
				ENABLE_STRICT_OBJC_MSGSEND = YES;
				GCC_C_LANGUAGE_STANDARD = gnu11;
				GCC_NO_COMMON_BLOCKS = YES;
				GCC_WARN_64_TO_32_BIT_CONVERSION = YES;
				GCC_WARN_ABOUT_RETURN_TYPE = YES_ERROR;
				GCC_WARN_UNDECLARED_SELECTOR = YES;
				GCC_WARN_UNINITIALIZED_AUTOS = YES_AGGRESSIVE;
				GCC_WARN_UNUSED_FUNCTION = YES;
				GCC_WARN_UNUSED_VARIABLE = YES;
				IPHONEOS_DEPLOYMENT_TARGET = 15.5;
				MTL_ENABLE_DEBUG_INFO = NO;
				MTL_FAST_MATH = YES;
				SDKROOT = iphoneos;
				SWIFT_COMPILATION_MODE = wholemodule;
				SWIFT_OPTIMIZATION_LEVEL = "-O";
				VALIDATE_PRODUCT = YES;
			};
			name = Release;
		};
		7FD09FF5285916BD00572ED3 /* Debug */ = {
			isa = XCBuildConfiguration;
			buildSettings = {
				ASSETCATALOG_COMPILER_APPICON_NAME = AppIcon;
				ASSETCATALOG_COMPILER_GLOBAL_ACCENT_COLOR_NAME = AccentColor;
				CODE_SIGN_STYLE = Automatic;
				CURRENT_PROJECT_VERSION = 1;
				DEVELOPMENT_ASSET_PATHS = "\"VIPERCHIDO/Preview Content\"";
				DEVELOPMENT_TEAM = 4UYL73L62L;
				ENABLE_PREVIEWS = YES;
				GENERATE_INFOPLIST_FILE = YES;
				INFOPLIST_KEY_UIApplicationSceneManifest_Generation = YES;
				INFOPLIST_KEY_UIApplicationSupportsIndirectInputEvents = YES;
				INFOPLIST_KEY_UILaunchScreen_Generation = YES;
				INFOPLIST_KEY_UISupportedInterfaceOrientations_iPad = "UIInterfaceOrientationPortrait UIInterfaceOrientationPortraitUpsideDown UIInterfaceOrientationLandscapeLeft UIInterfaceOrientationLandscapeRight";
				INFOPLIST_KEY_UISupportedInterfaceOrientations_iPhone = "UIInterfaceOrientationPortrait UIInterfaceOrientationLandscapeLeft UIInterfaceOrientationLandscapeRight";
				LD_RUNPATH_SEARCH_PATHS = (
					"$(inherited)",
					"@executable_path/Frameworks",
				);
				MARKETING_VERSION = 1.0;
				PRODUCT_BUNDLE_IDENTIFIER = com.sanlegas.viper.VIPERCHIDO;
				PRODUCT_NAME = "$(TARGET_NAME)";
				SWIFT_EMIT_LOC_STRINGS = YES;
				SWIFT_VERSION = 5.0;
				TARGETED_DEVICE_FAMILY = "1,2";
			};
			name = Debug;
		};
		7FD09FF6285916BD00572ED3 /* Release */ = {
			isa = XCBuildConfiguration;
			buildSettings = {
				ASSETCATALOG_COMPILER_APPICON_NAME = AppIcon;
				ASSETCATALOG_COMPILER_GLOBAL_ACCENT_COLOR_NAME = AccentColor;
				CODE_SIGN_STYLE = Automatic;
				CURRENT_PROJECT_VERSION = 1;
				DEVELOPMENT_ASSET_PATHS = "\"VIPERCHIDO/Preview Content\"";
				DEVELOPMENT_TEAM = 4UYL73L62L;
				ENABLE_PREVIEWS = YES;
				GENERATE_INFOPLIST_FILE = YES;
				INFOPLIST_KEY_UIApplicationSceneManifest_Generation = YES;
				INFOPLIST_KEY_UIApplicationSupportsIndirectInputEvents = YES;
				INFOPLIST_KEY_UILaunchScreen_Generation = YES;
				INFOPLIST_KEY_UISupportedInterfaceOrientations_iPad = "UIInterfaceOrientationPortrait UIInterfaceOrientationPortraitUpsideDown UIInterfaceOrientationLandscapeLeft UIInterfaceOrientationLandscapeRight";
				INFOPLIST_KEY_UISupportedInterfaceOrientations_iPhone = "UIInterfaceOrientationPortrait UIInterfaceOrientationLandscapeLeft UIInterfaceOrientationLandscapeRight";
				LD_RUNPATH_SEARCH_PATHS = (
					"$(inherited)",
					"@executable_path/Frameworks",
				);
				MARKETING_VERSION = 1.0;
				PRODUCT_BUNDLE_IDENTIFIER = com.sanlegas.viper.VIPERCHIDO;
				PRODUCT_NAME = "$(TARGET_NAME)";
				SWIFT_EMIT_LOC_STRINGS = YES;
				SWIFT_VERSION = 5.0;
				TARGETED_DEVICE_FAMILY = "1,2";
			};
			name = Release;
		};
/* End XCBuildConfiguration section */

/* Begin XCConfigurationList section */
		7FD09FE1285916BD00572ED3 /* Build configuration list for PBXProject "VIPERCHIDO" */ = {
			isa = XCConfigurationList;
			buildConfigurations = (
				7FD09FF2285916BD00572ED3 /* Debug */,
				7FD09FF3285916BD00572ED3 /* Release */,
			);
			defaultConfigurationIsVisible = 0;
			defaultConfigurationName = Release;
		};
		7FD09FF4285916BD00572ED3 /* Build configuration list for PBXNativeTarget "VIPERCHIDO" */ = {
			isa = XCConfigurationList;
			buildConfigurations = (
				7FD09FF5285916BD00572ED3 /* Debug */,
				7FD09FF6285916BD00572ED3 /* Release */,
			);
			defaultConfigurationIsVisible = 0;
			defaultConfigurationName = Release;
		};
/* End XCConfigurationList section */
	};
	rootObject = 7FD09FDE285916BD00572ED3 /* Project object */;
}
