// !$*UTF8*$!
{
	archiveVersion = 1;
	classes = {
	};
	objectVersion = 55;
	objects = {

/* Begin PBXBuildFile section */
		7F0133B72831EE110028502E /* AppDelegate.swift in Sources */ = {isa = PBXBuildFile; fileRef = 7F0133B62831EE110028502E /* AppDelegate.swift */; };
		7F0133B92831EE110028502E /* SceneDelegate.swift in Sources */ = {isa = PBXBuildFile; fileRef = 7F0133B82831EE110028502E /* SceneDelegate.swift */; };
		7F0133BB2831EE110028502E /* ViewController.swift in Sources */ = {isa = PBXBuildFile; fileRef = 7F0133BA2831EE110028502E /* ViewController.swift */; };
		7F0133BE2831EE110028502E /* Main.storyboard in Resources */ = {isa = PBXBuildFile; fileRef = 7F0133BC2831EE110028502E /* Main.storyboard */; };
		7F0133C02831EE120028502E /* Assets.xcassets in Resources */ = {isa = PBXBuildFile; fileRef = 7F0133BF2831EE120028502E /* Assets.xcassets */; };
		7F0133C32831EE120028502E /* LaunchScreen.storyboard in Resources */ = {isa = PBXBuildFile; fileRef = 7F0133C12831EE120028502E /* LaunchScreen.storyboard */; };
		7F0133CB2831EE390028502E /* Automovil.swift in Sources */ = {isa = PBXBuildFile; fileRef = 7F0133CA2831EE390028502E /* Automovil.swift */; };
		7F3CDAB92831F2E100514D8B /* ViewControllerCoche.swift in Sources */ = {isa = PBXBuildFile; fileRef = 7F3CDAB82831F2E100514D8B /* ViewControllerCoche.swift */; };
		7F3CDABB28321CD300514D8B /* AutomovilElectrico.swift in Sources */ = {isa = PBXBuildFile; fileRef = 7F3CDABA28321CD300514D8B /* AutomovilElectrico.swift */; };
/* End PBXBuildFile section */

/* Begin PBXFileReference section */
		7F0133B32831EE110028502E /* FabricaAutomovilesStoryBoard.app */ = {isa = PBXFileReference; explicitFileType = wrapper.application; includeInIndex = 0; path = FabricaAutomovilesStoryBoard.app; sourceTree = BUILT_PRODUCTS_DIR; };
		7F0133B62831EE110028502E /* AppDelegate.swift */ = {isa = PBXFileReference; lastKnownFileType = sourcecode.swift; path = AppDelegate.swift; sourceTree = "<group>"; };
		7F0133B82831EE110028502E /* SceneDelegate.swift */ = {isa = PBXFileReference; lastKnownFileType = sourcecode.swift; path = SceneDelegate.swift; sourceTree = "<group>"; };
		7F0133BA2831EE110028502E /* ViewController.swift */ = {isa = PBXFileReference; lastKnownFileType = sourcecode.swift; path = ViewController.swift; sourceTree = "<group>"; };
		7F0133BD2831EE110028502E /* Base */ = {isa = PBXFileReference; lastKnownFileType = file.storyboard; name = Base; path = Base.lproj/Main.storyboard; sourceTree = "<group>"; };
		7F0133BF2831EE120028502E /* Assets.xcassets */ = {isa = PBXFileReference; lastKnownFileType = folder.assetcatalog; path = Assets.xcassets; sourceTree = "<group>"; };
		7F0133C22831EE120028502E /* Base */ = {isa = PBXFileReference; lastKnownFileType = file.storyboard; name = Base; path = Base.lproj/LaunchScreen.storyboard; sourceTree = "<group>"; };
		7F0133C42831EE120028502E /* Info.plist */ = {isa = PBXFileReference; lastKnownFileType = text.plist.xml; path = Info.plist; sourceTree = "<group>"; };
		7F0133CA2831EE390028502E /* Automovil.swift */ = {isa = PBXFileReference; lastKnownFileType = sourcecode.swift; path = Automovil.swift; sourceTree = "<group>"; };
		7F3CDAB82831F2E100514D8B /* ViewControllerCoche.swift */ = {isa = PBXFileReference; lastKnownFileType = sourcecode.swift; path = ViewControllerCoche.swift; sourceTree = "<group>"; };
		7F3CDABA28321CD300514D8B /* AutomovilElectrico.swift */ = {isa = PBXFileReference; lastKnownFileType = sourcecode.swift; path = AutomovilElectrico.swift; sourceTree = "<group>"; };
/* End PBXFileReference section */

/* Begin PBXFrameworksBuildPhase section */
		7F0133B02831EE110028502E /* Frameworks */ = {
			isa = PBXFrameworksBuildPhase;
			buildActionMask = 2147483647;
			files = (
			);
			runOnlyForDeploymentPostprocessing = 0;
		};
/* End PBXFrameworksBuildPhase section */

/* Begin PBXGroup section */
		7F0133AA2831EE110028502E = {
			isa = PBXGroup;
			children = (
				7F0133B52831EE110028502E /* FabricaAutomovilesStoryBoard */,
				7F0133B42831EE110028502E /* Products */,
			);
			sourceTree = "<group>";
		};
		7F0133B42831EE110028502E /* Products */ = {
			isa = PBXGroup;
			children = (
				7F0133B32831EE110028502E /* FabricaAutomovilesStoryBoard.app */,
			);
			name = Products;
			sourceTree = "<group>";
		};
		7F0133B52831EE110028502E /* FabricaAutomovilesStoryBoard */ = {
			isa = PBXGroup;
			children = (
				7F0133B62831EE110028502E /* AppDelegate.swift */,
				7F0133B82831EE110028502E /* SceneDelegate.swift */,
				7F0133BA2831EE110028502E /* ViewController.swift */,
				7F0133BC2831EE110028502E /* Main.storyboard */,
				7F0133BF2831EE120028502E /* Assets.xcassets */,
				7F0133C12831EE120028502E /* LaunchScreen.storyboard */,
				7F0133C42831EE120028502E /* Info.plist */,
				7F0133CA2831EE390028502E /* Automovil.swift */,
				7F3CDABA28321CD300514D8B /* AutomovilElectrico.swift */,
				7F3CDAB82831F2E100514D8B /* ViewControllerCoche.swift */,
			);
			path = FabricaAutomovilesStoryBoard;
			sourceTree = "<group>";
		};
/* End PBXGroup section */

/* Begin PBXNativeTarget section */
		7F0133B22831EE110028502E /* FabricaAutomovilesStoryBoard */ = {
			isa = PBXNativeTarget;
			buildConfigurationList = 7F0133C72831EE120028502E /* Build configuration list for PBXNativeTarget "FabricaAutomovilesStoryBoard" */;
			buildPhases = (
				7F0133AF2831EE110028502E /* Sources */,
				7F0133B02831EE110028502E /* Frameworks */,
				7F0133B12831EE110028502E /* Resources */,
			);
			buildRules = (
			);
			dependencies = (
			);
			name = FabricaAutomovilesStoryBoard;
			productName = FabricaAutomovilesStoryBoard;
			productReference = 7F0133B32831EE110028502E /* FabricaAutomovilesStoryBoard.app */;
			productType = "com.apple.product-type.application";
		};
/* End PBXNativeTarget section */

/* Begin PBXProject section */
		7F0133AB2831EE110028502E /* Project object */ = {
			isa = PBXProject;
			attributes = {
				BuildIndependentTargetsInParallel = 1;
				LastSwiftUpdateCheck = 1330;
				LastUpgradeCheck = 1330;
				TargetAttributes = {
					7F0133B22831EE110028502E = {
						CreatedOnToolsVersion = 13.3.1;
					};
				};
			};
			buildConfigurationList = 7F0133AE2831EE110028502E /* Build configuration list for PBXProject "FabricaAutomovilesStoryBoard" */;
			compatibilityVersion = "Xcode 13.0";
			developmentRegion = en;
			hasScannedForEncodings = 0;
			knownRegions = (
				en,
				Base,
			);
			mainGroup = 7F0133AA2831EE110028502E;
			productRefGroup = 7F0133B42831EE110028502E /* Products */;
			projectDirPath = "";
			projectRoot = "";
			targets = (
				7F0133B22831EE110028502E /* FabricaAutomovilesStoryBoard */,
			);
		};
/* End PBXProject section */

/* Begin PBXResourcesBuildPhase section */
		7F0133B12831EE110028502E /* Resources */ = {
			isa = PBXResourcesBuildPhase;
			buildActionMask = 2147483647;
			files = (
				7F0133C32831EE120028502E /* LaunchScreen.storyboard in Resources */,
				7F0133C02831EE120028502E /* Assets.xcassets in Resources */,
				7F0133BE2831EE110028502E /* Main.storyboard in Resources */,
			);
			runOnlyForDeploymentPostprocessing = 0;
		};
/* End PBXResourcesBuildPhase section */

/* Begin PBXSourcesBuildPhase section */
		7F0133AF2831EE110028502E /* Sources */ = {
			isa = PBXSourcesBuildPhase;
			buildActionMask = 2147483647;
			files = (
				7F0133BB2831EE110028502E /* ViewController.swift in Sources */,
				7F0133B72831EE110028502E /* AppDelegate.swift in Sources */,
				7F0133CB2831EE390028502E /* Automovil.swift in Sources */,
				7F3CDABB28321CD300514D8B /* AutomovilElectrico.swift in Sources */,
				7F3CDAB92831F2E100514D8B /* ViewControllerCoche.swift in Sources */,
				7F0133B92831EE110028502E /* SceneDelegate.swift in Sources */,
			);
			runOnlyForDeploymentPostprocessing = 0;
		};
/* End PBXSourcesBuildPhase section */

/* Begin PBXVariantGroup section */
		7F0133BC2831EE110028502E /* Main.storyboard */ = {
			isa = PBXVariantGroup;
			children = (
				7F0133BD2831EE110028502E /* Base */,
			);
			name = Main.storyboard;
			sourceTree = "<group>";
		};
		7F0133C12831EE120028502E /* LaunchScreen.storyboard */ = {
			isa = PBXVariantGroup;
			children = (
				7F0133C22831EE120028502E /* Base */,
			);
			name = LaunchScreen.storyboard;
			sourceTree = "<group>";
		};
/* End PBXVariantGroup section */

/* Begin XCBuildConfiguration section */
		7F0133C52831EE120028502E /* Debug */ = {
			isa = XCBuildConfiguration;
			buildSettings = {
				ALWAYS_SEARCH_USER_PATHS = NO;
				CLANG_ANALYZER_NONNULL = YES;
				CLANG_ANALYZER_NUMBER_OBJECT_CONVERSION = YES_AGGRESSIVE;
				CLANG_CXX_LANGUAGE_STANDARD = "gnu++17";
				CLANG_ENABLE_MODULES = YES;
				CLANG_ENABLE_OBJC_ARC = YES;
				CLANG_ENABLE_OBJC_WEAK = YES;
				CLANG_WARN_BLOCK_CAPTURE_AUTORELEASING = YES;
				CLANG_WARN_BOOL_CONVERSION = YES;
				CLANG_WARN_COMMA = YES;
				CLANG_WARN_CONSTANT_CONVERSION = YES;
				CLANG_WARN_DEPRECATED_OBJC_IMPLEMENTATIONS = YES;
				CLANG_WARN_DIRECT_OBJC_ISA_USAGE = YES_ERROR;
				CLANG_WARN_DOCUMENTATION_COMMENTS = YES;
				CLANG_WARN_EMPTY_BODY = YES;
				CLANG_WARN_ENUM_CONVERSION = YES;
				CLANG_WARN_INFINITE_RECURSION = YES;
				CLANG_WARN_INT_CONVERSION = YES;
				CLANG_WARN_NON_LITERAL_NULL_CONVERSION = YES;
				CLANG_WARN_OBJC_IMPLICIT_RETAIN_SELF = YES;
				CLANG_WARN_OBJC_LITERAL_CONVERSION = YES;
				CLANG_WARN_OBJC_ROOT_CLASS = YES_ERROR;
				CLANG_WARN_QUOTED_INCLUDE_IN_FRAMEWORK_HEADER = YES;
				CLANG_WARN_RANGE_LOOP_ANALYSIS = YES;
				CLANG_WARN_STRICT_PROTOTYPES = YES;
				CLANG_WARN_SUSPICIOUS_MOVE = YES;
				CLANG_WARN_UNGUARDED_AVAILABILITY = YES_AGGRESSIVE;
				CLANG_WARN_UNREACHABLE_CODE = YES;
				CLANG_WARN__DUPLICATE_METHOD_MATCH = YES;
				COPY_PHASE_STRIP = NO;
				DEBUG_INFORMATION_FORMAT = dwarf;
				ENABLE_STRICT_OBJC_MSGSEND = YES;
				ENABLE_TESTABILITY = YES;
				GCC_C_LANGUAGE_STANDARD = gnu11;
				GCC_DYNAMIC_NO_PIC = NO;
				GCC_NO_COMMON_BLOCKS = YES;
				GCC_OPTIMIZATION_LEVEL = 0;
				GCC_PREPROCESSOR_DEFINITIONS = (
					"DEBUG=1",
					"$(inherited)",
				);
				GCC_WARN_64_TO_32_BIT_CONVERSION = YES;
				GCC_WARN_ABOUT_RETURN_TYPE = YES_ERROR;
				GCC_WARN_UNDECLARED_SELECTOR = YES;
				GCC_WARN_UNINITIALIZED_AUTOS = YES_AGGRESSIVE;
				GCC_WARN_UNUSED_FUNCTION = YES;
				GCC_WARN_UNUSED_VARIABLE = YES;
				IPHONEOS_DEPLOYMENT_TARGET = 15.4;
				MTL_ENABLE_DEBUG_INFO = INCLUDE_SOURCE;
				MTL_FAST_MATH = YES;
				ONLY_ACTIVE_ARCH = YES;
				SDKROOT = iphoneos;
				SWIFT_ACTIVE_COMPILATION_CONDITIONS = DEBUG;
				SWIFT_OPTIMIZATION_LEVEL = "-Onone";
			};
			name = Debug;
		};
		7F0133C62831EE120028502E /* Release */ = {
			isa = XCBuildConfiguration;
			buildSettings = {
				ALWAYS_SEARCH_USER_PATHS = NO;
				CLANG_ANALYZER_NONNULL = YES;
				CLANG_ANALYZER_NUMBER_OBJECT_CONVERSION = YES_AGGRESSIVE;
				CLANG_CXX_LANGUAGE_STANDARD = "gnu++17";
				CLANG_ENABLE_MODULES = YES;
				CLANG_ENABLE_OBJC_ARC = YES;
				CLANG_ENABLE_OBJC_WEAK = YES;
				CLANG_WARN_BLOCK_CAPTURE_AUTORELEASING = YES;
				CLANG_WARN_BOOL_CONVERSION = YES;
				CLANG_WARN_COMMA = YES;
				CLANG_WARN_CONSTANT_CONVERSION = YES;
				CLANG_WARN_DEPRECATED_OBJC_IMPLEMENTATIONS = YES;
				CLANG_WARN_DIRECT_OBJC_ISA_USAGE = YES_ERROR;
				CLANG_WARN_DOCUMENTATION_COMMENTS = YES;
				CLANG_WARN_EMPTY_BODY = YES;
				CLANG_WARN_ENUM_CONVERSION = YES;
				CLANG_WARN_INFINITE_RECURSION = YES;
				CLANG_WARN_INT_CONVERSION = YES;
				CLANG_WARN_NON_LITERAL_NULL_CONVERSION = YES;
				CLANG_WARN_OBJC_IMPLICIT_RETAIN_SELF = YES;
				CLANG_WARN_OBJC_LITERAL_CONVERSION = YES;
				CLANG_WARN_OBJC_ROOT_CLASS = YES_ERROR;
				CLANG_WARN_QUOTED_INCLUDE_IN_FRAMEWORK_HEADER = YES;
				CLANG_WARN_RANGE_LOOP_ANALYSIS = YES;
				CLANG_WARN_STRICT_PROTOTYPES = YES;
				CLANG_WARN_SUSPICIOUS_MOVE = YES;
				CLANG_WARN_UNGUARDED_AVAILABILITY = YES_AGGRESSIVE;
				CLANG_WARN_UNREACHABLE_CODE = YES;
				CLANG_WARN__DUPLICATE_METHOD_MATCH = YES;
				COPY_PHASE_STRIP = NO;
				DEBUG_INFORMATION_FORMAT = "dwarf-with-dsym";
				ENABLE_NS_ASSERTIONS = NO;
				ENABLE_STRICT_OBJC_MSGSEND = YES;
				GCC_C_LANGUAGE_STANDARD = gnu11;
				GCC_NO_COMMON_BLOCKS = YES;
				GCC_WARN_64_TO_32_BIT_CONVERSION = YES;
				GCC_WARN_ABOUT_RETURN_TYPE = YES_ERROR;
				GCC_WARN_UNDECLARED_SELECTOR = YES;
				GCC_WARN_UNINITIALIZED_AUTOS = YES_AGGRESSIVE;
				GCC_WARN_UNUSED_FUNCTION = YES;
				GCC_WARN_UNUSED_VARIABLE = YES;
				IPHONEOS_DEPLOYMENT_TARGET = 15.4;
				MTL_ENABLE_DEBUG_INFO = NO;
				MTL_FAST_MATH = YES;
				SDKROOT = iphoneos;
				SWIFT_COMPILATION_MODE = wholemodule;
				SWIFT_OPTIMIZATION_LEVEL = "-O";
				VALIDATE_PRODUCT = YES;
			};
			name = Release;
		};
		7F0133C82831EE120028502E /* Debug */ = {
			isa = XCBuildConfiguration;
			buildSettings = {
				ASSETCATALOG_COMPILER_APPICON_NAME = AppIcon;
				ASSETCATALOG_COMPILER_GLOBAL_ACCENT_COLOR_NAME = AccentColor;
				CODE_SIGN_STYLE = Automatic;
				CURRENT_PROJECT_VERSION = 1;
				DEVELOPMENT_TEAM = 4UYL73L62L;
				GENERATE_INFOPLIST_FILE = YES;
				INFOPLIST_FILE = FabricaAutomovilesStoryBoard/Info.plist;
				INFOPLIST_KEY_UIApplicationSupportsIndirectInputEvents = YES;
				INFOPLIST_KEY_UILaunchStoryboardName = LaunchScreen;
				INFOPLIST_KEY_UIMainStoryboardFile = Main;
				INFOPLIST_KEY_UISupportedInterfaceOrientations_iPad = "UIInterfaceOrientationPortrait UIInterfaceOrientationPortraitUpsideDown UIInterfaceOrientationLandscapeLeft UIInterfaceOrientationLandscapeRight";
				INFOPLIST_KEY_UISupportedInterfaceOrientations_iPhone = "UIInterfaceOrientationPortrait UIInterfaceOrientationLandscapeLeft UIInterfaceOrientationLandscapeRight";
				LD_RUNPATH_SEARCH_PATHS = (
					"$(inherited)",
					"@executable_path/Frameworks",
				);
				MARKETING_VERSION = 1.0;
				PRODUCT_BUNDLE_IDENTIFIER = com.sanlegas.playgrounds.FabricaAutomovilesStoryBoard;
				PRODUCT_NAME = "$(TARGET_NAME)";
				SWIFT_EMIT_LOC_STRINGS = YES;
				SWIFT_VERSION = 5.0;
				TARGETED_DEVICE_FAMILY = "1,2";
			};
			name = Debug;
		};
		7F0133C92831EE120028502E /* Release */ = {
			isa = XCBuildConfiguration;
			buildSettings = {
				ASSETCATALOG_COMPILER_APPICON_NAME = AppIcon;
				ASSETCATALOG_COMPILER_GLOBAL_ACCENT_COLOR_NAME = AccentColor;
				CODE_SIGN_STYLE = Automatic;
				CURRENT_PROJECT_VERSION = 1;
				DEVELOPMENT_TEAM = 4UYL73L62L;
				GENERATE_INFOPLIST_FILE = YES;
				INFOPLIST_FILE = FabricaAutomovilesStoryBoard/Info.plist;
				INFOPLIST_KEY_UIApplicationSupportsIndirectInputEvents = YES;
				INFOPLIST_KEY_UILaunchStoryboardName = LaunchScreen;
				INFOPLIST_KEY_UIMainStoryboardFile = Main;
				INFOPLIST_KEY_UISupportedInterfaceOrientations_iPad = "UIInterfaceOrientationPortrait UIInterfaceOrientationPortraitUpsideDown UIInterfaceOrientationLandscapeLeft UIInterfaceOrientationLandscapeRight";
				INFOPLIST_KEY_UISupportedInterfaceOrientations_iPhone = "UIInterfaceOrientationPortrait UIInterfaceOrientationLandscapeLeft UIInterfaceOrientationLandscapeRight";
				LD_RUNPATH_SEARCH_PATHS = (
					"$(inherited)",
					"@executable_path/Frameworks",
				);
				MARKETING_VERSION = 1.0;
				PRODUCT_BUNDLE_IDENTIFIER = com.sanlegas.playgrounds.FabricaAutomovilesStoryBoard;
				PRODUCT_NAME = "$(TARGET_NAME)";
				SWIFT_EMIT_LOC_STRINGS = YES;
				SWIFT_VERSION = 5.0;
				TARGETED_DEVICE_FAMILY = "1,2";
			};
			name = Release;
		};
/* End XCBuildConfiguration section */

/* Begin XCConfigurationList section */
		7F0133AE2831EE110028502E /* Build configuration list for PBXProject "FabricaAutomovilesStoryBoard" */ = {
			isa = XCConfigurationList;
			buildConfigurations = (
				7F0133C52831EE120028502E /* Debug */,
				7F0133C62831EE120028502E /* Release */,
			);
			defaultConfigurationIsVisible = 0;
			defaultConfigurationName = Release;
		};
		7F0133C72831EE120028502E /* Build configuration list for PBXNativeTarget "FabricaAutomovilesStoryBoard" */ = {
			isa = XCConfigurationList;
			buildConfigurations = (
				7F0133C82831EE120028502E /* Debug */,
				7F0133C92831EE120028502E /* Release */,
			);
			defaultConfigurationIsVisible = 0;
			defaultConfigurationName = Release;
		};
/* End XCConfigurationList section */
	};
	rootObject = 7F0133AB2831EE110028502E /* Project object */;
}
