// !$*UTF8*$!
{
	archiveVersion = 1;
	classes = {
	};
	objectVersion = 55;
	objects = {

/* Begin PBXBuildFile section */
		7F01855E285BD67100915CD8 /* AppDelegate.swift in Sources */ = {isa = PBXBuildFile; fileRef = 7F01855D285BD67100915CD8 /* AppDelegate.swift */; };
		7F018560285BD67100915CD8 /* SceneDelegate.swift in Sources */ = {isa = PBXBuildFile; fileRef = 7F01855F285BD67100915CD8 /* SceneDelegate.swift */; };
		7F018562285BD67100915CD8 /* ViewController.swift in Sources */ = {isa = PBXBuildFile; fileRef = 7F018561285BD67100915CD8 /* ViewController.swift */; };
		7F018565285BD67100915CD8 /* Main.storyboard in Resources */ = {isa = PBXBuildFile; fileRef = 7F018563285BD67100915CD8 /* Main.storyboard */; };
		7F018567285BD67200915CD8 /* Assets.xcassets in Resources */ = {isa = PBXBuildFile; fileRef = 7F018566285BD67200915CD8 /* Assets.xcassets */; };
		7F01856A285BD67200915CD8 /* LaunchScreen.storyboard in Resources */ = {isa = PBXBuildFile; fileRef = 7F018568285BD67200915CD8 /* LaunchScreen.storyboard */; };
		7F018573285BD6C600915CD8 /* Starscream in Frameworks */ = {isa = PBXBuildFile; productRef = 7F018572285BD6C600915CD8 /* Starscream */; };
		7F01857A285BE4A600915CD8 /* LoginPresenter.swift in Sources */ = {isa = PBXBuildFile; fileRef = 7F018574285BE4A600915CD8 /* LoginPresenter.swift */; };
		7F01857B285BE4A600915CD8 /* LoginRouter.swift in Sources */ = {isa = PBXBuildFile; fileRef = 7F018575285BE4A600915CD8 /* LoginRouter.swift */; };
		7F01857C285BE4A600915CD8 /* LoginViewController.swift in Sources */ = {isa = PBXBuildFile; fileRef = 7F018576285BE4A600915CD8 /* LoginViewController.swift */; };
		7F01857D285BE4A600915CD8 /* LoginProtocols.swift in Sources */ = {isa = PBXBuildFile; fileRef = 7F018577285BE4A600915CD8 /* LoginProtocols.swift */; };
		7F01857E285BE4A600915CD8 /* LoginInteractor.swift in Sources */ = {isa = PBXBuildFile; fileRef = 7F018578285BE4A600915CD8 /* LoginInteractor.swift */; };
		7F01857F285BE4A600915CD8 /* LoginViewController.xib in Resources */ = {isa = PBXBuildFile; fileRef = 7F018579285BE4A600915CD8 /* LoginViewController.xib */; };
		7F018581285BE5CC00915CD8 /* GoogleService-Info.plist in Resources */ = {isa = PBXBuildFile; fileRef = 7F018580285BE5CC00915CD8 /* GoogleService-Info.plist */; };
		7F018586285BE6E600915CD8 /* AuthFirebase.swift in Sources */ = {isa = PBXBuildFile; fileRef = 7F018585285BE6E600915CD8 /* AuthFirebase.swift */; };
		7F272776286131D800B7A294 /* registerPresenter.swift in Sources */ = {isa = PBXBuildFile; fileRef = 7F272770286131D800B7A294 /* registerPresenter.swift */; };
		7F272777286131D800B7A294 /* registerRouter.swift in Sources */ = {isa = PBXBuildFile; fileRef = 7F272771286131D800B7A294 /* registerRouter.swift */; };
		7F272778286131D800B7A294 /* registerViewController.swift in Sources */ = {isa = PBXBuildFile; fileRef = 7F272772286131D800B7A294 /* registerViewController.swift */; };
		7F272779286131D800B7A294 /* registerProtocols.swift in Sources */ = {isa = PBXBuildFile; fileRef = 7F272773286131D800B7A294 /* registerProtocols.swift */; };
		7F27277A286131D800B7A294 /* registerInteractor.swift in Sources */ = {isa = PBXBuildFile; fileRef = 7F272774286131D800B7A294 /* registerInteractor.swift */; };
		7F27277B286131D800B7A294 /* registerViewController.xib in Resources */ = {isa = PBXBuildFile; fileRef = 7F272775286131D800B7A294 /* registerViewController.xib */; };
		7F27278A2861978900B7A294 /* DevicesPresenter.swift in Sources */ = {isa = PBXBuildFile; fileRef = 7F2727842861978900B7A294 /* DevicesPresenter.swift */; };
		7F27278B2861978900B7A294 /* DevicesRouter.swift in Sources */ = {isa = PBXBuildFile; fileRef = 7F2727852861978900B7A294 /* DevicesRouter.swift */; };
		7F27278C2861978900B7A294 /* DevicesViewController.swift in Sources */ = {isa = PBXBuildFile; fileRef = 7F2727862861978900B7A294 /* DevicesViewController.swift */; };
		7F27278D2861978900B7A294 /* DevicesProtocols.swift in Sources */ = {isa = PBXBuildFile; fileRef = 7F2727872861978900B7A294 /* DevicesProtocols.swift */; };
		7F27278E2861978900B7A294 /* DevicesInteractor.swift in Sources */ = {isa = PBXBuildFile; fileRef = 7F2727882861978900B7A294 /* DevicesInteractor.swift */; };
		7F27278F2861978900B7A294 /* DevicesViewController.xib in Resources */ = {isa = PBXBuildFile; fileRef = 7F2727892861978900B7A294 /* DevicesViewController.xib */; };
		7F8157C4286A7E5E00E3DD50 /* RouterUtil.swift in Sources */ = {isa = PBXBuildFile; fileRef = 7F8157C3286A7E5E00E3DD50 /* RouterUtil.swift */; };
		7FCB2F9F2864040D0002A7CA /* Device.swift in Sources */ = {isa = PBXBuildFile; fileRef = 7FCB2F9E2864040D0002A7CA /* Device.swift */; };
		7FEF25AB2868F489002CE35C /* FirebaseManager.swift in Sources */ = {isa = PBXBuildFile; fileRef = 7FEF25AA2868F489002CE35C /* FirebaseManager.swift */; };
		7FEF25AD2868F849002CE35C /* FirebaseClient.swift in Sources */ = {isa = PBXBuildFile; fileRef = 7FEF25AC2868F849002CE35C /* FirebaseClient.swift */; };
		7FEF25C5286904FE002CE35C /* RemoteControlTests.swift in Sources */ = {isa = PBXBuildFile; fileRef = 7FEF25C4286904FE002CE35C /* RemoteControlTests.swift */; };
		7FEF25CC286905F7002CE35C /* DevicesTest.swift in Sources */ = {isa = PBXBuildFile; fileRef = 7FEF25CB286905F7002CE35C /* DevicesTest.swift */; };
		B3E4C525A84B0FB481C03F33 /* Pods_RemoteControlTests.framework in Frameworks */ = {isa = PBXBuildFile; fileRef = A13437E8FFE34F7669A29493 /* Pods_RemoteControlTests.framework */; };
		EE3328AB891B38202AD81DB1 /* Pods_RemoteControl.framework in Frameworks */ = {isa = PBXBuildFile; fileRef = 58196F529ACE3CAABC1B90C0 /* Pods_RemoteControl.framework */; };
/* End PBXBuildFile section */

/* Begin PBXContainerItemProxy section */
		7FEF25C6286904FE002CE35C /* PBXContainerItemProxy */ = {
			isa = PBXContainerItemProxy;
			containerPortal = 7F018552285BD67100915CD8 /* Project object */;
			proxyType = 1;
			remoteGlobalIDString = 7F018559285BD67100915CD8;
			remoteInfo = RemoteControl;
		};
/* End PBXContainerItemProxy section */

/* Begin PBXFileReference section */
		08A0B1398E36719E6B749A17 /* Pods-RemoteControlTests.release.xcconfig */ = {isa = PBXFileReference; includeInIndex = 1; lastKnownFileType = text.xcconfig; name = "Pods-RemoteControlTests.release.xcconfig"; path = "Target Support Files/Pods-RemoteControlTests/Pods-RemoteControlTests.release.xcconfig"; sourceTree = "<group>"; };
		58196F529ACE3CAABC1B90C0 /* Pods_RemoteControl.framework */ = {isa = PBXFileReference; explicitFileType = wrapper.framework; includeInIndex = 0; path = Pods_RemoteControl.framework; sourceTree = BUILT_PRODUCTS_DIR; };
		72512401A916113810234200 /* Pods-RemoteControl-RemoteControlTests.release.xcconfig */ = {isa = PBXFileReference; includeInIndex = 1; lastKnownFileType = text.xcconfig; name = "Pods-RemoteControl-RemoteControlTests.release.xcconfig"; path = "Target Support Files/Pods-RemoteControl-RemoteControlTests/Pods-RemoteControl-RemoteControlTests.release.xcconfig"; sourceTree = "<group>"; };
		7F01855A285BD67100915CD8 /* RemoteControl.app */ = {isa = PBXFileReference; explicitFileType = wrapper.application; includeInIndex = 0; path = RemoteControl.app; sourceTree = BUILT_PRODUCTS_DIR; };
		7F01855D285BD67100915CD8 /* AppDelegate.swift */ = {isa = PBXFileReference; lastKnownFileType = sourcecode.swift; path = AppDelegate.swift; sourceTree = "<group>"; };
		7F01855F285BD67100915CD8 /* SceneDelegate.swift */ = {isa = PBXFileReference; lastKnownFileType = sourcecode.swift; path = SceneDelegate.swift; sourceTree = "<group>"; };
		7F018561285BD67100915CD8 /* ViewController.swift */ = {isa = PBXFileReference; lastKnownFileType = sourcecode.swift; path = ViewController.swift; sourceTree = "<group>"; };
		7F018564285BD67100915CD8 /* Base */ = {isa = PBXFileReference; lastKnownFileType = file.storyboard; name = Base; path = Base.lproj/Main.storyboard; sourceTree = "<group>"; };
		7F018566285BD67200915CD8 /* Assets.xcassets */ = {isa = PBXFileReference; lastKnownFileType = folder.assetcatalog; path = Assets.xcassets; sourceTree = "<group>"; };
		7F018569285BD67200915CD8 /* Base */ = {isa = PBXFileReference; lastKnownFileType = file.storyboard; name = Base; path = Base.lproj/LaunchScreen.storyboard; sourceTree = "<group>"; };
		7F01856B285BD67200915CD8 /* Info.plist */ = {isa = PBXFileReference; lastKnownFileType = text.plist.xml; name = Info.plist; path = "RemoteControl/Supporting Files/Info.plist"; sourceTree = SOURCE_ROOT; };
		7F018574285BE4A600915CD8 /* LoginPresenter.swift */ = {isa = PBXFileReference; lastKnownFileType = sourcecode.swift; path = LoginPresenter.swift; sourceTree = "<group>"; };
		7F018575285BE4A600915CD8 /* LoginRouter.swift */ = {isa = PBXFileReference; lastKnownFileType = sourcecode.swift; path = LoginRouter.swift; sourceTree = "<group>"; };
		7F018576285BE4A600915CD8 /* LoginViewController.swift */ = {isa = PBXFileReference; lastKnownFileType = sourcecode.swift; path = LoginViewController.swift; sourceTree = "<group>"; };
		7F018577285BE4A600915CD8 /* LoginProtocols.swift */ = {isa = PBXFileReference; lastKnownFileType = sourcecode.swift; path = LoginProtocols.swift; sourceTree = "<group>"; };
		7F018578285BE4A600915CD8 /* LoginInteractor.swift */ = {isa = PBXFileReference; lastKnownFileType = sourcecode.swift; path = LoginInteractor.swift; sourceTree = "<group>"; };
		7F018579285BE4A600915CD8 /* LoginViewController.xib */ = {isa = PBXFileReference; lastKnownFileType = file.xib; path = LoginViewController.xib; sourceTree = "<group>"; };
		7F018580285BE5CC00915CD8 /* GoogleService-Info.plist */ = {isa = PBXFileReference; fileEncoding = 4; lastKnownFileType = text.plist.xml; path = "GoogleService-Info.plist"; sourceTree = "<group>"; };
		7F018585285BE6E600915CD8 /* AuthFirebase.swift */ = {isa = PBXFileReference; lastKnownFileType = sourcecode.swift; path = AuthFirebase.swift; sourceTree = "<group>"; };
		7F272770286131D800B7A294 /* registerPresenter.swift */ = {isa = PBXFileReference; lastKnownFileType = sourcecode.swift; path = registerPresenter.swift; sourceTree = "<group>"; };
		7F272771286131D800B7A294 /* registerRouter.swift */ = {isa = PBXFileReference; lastKnownFileType = sourcecode.swift; path = registerRouter.swift; sourceTree = "<group>"; };
		7F272772286131D800B7A294 /* registerViewController.swift */ = {isa = PBXFileReference; lastKnownFileType = sourcecode.swift; path = registerViewController.swift; sourceTree = "<group>"; };
		7F272773286131D800B7A294 /* registerProtocols.swift */ = {isa = PBXFileReference; lastKnownFileType = sourcecode.swift; path = registerProtocols.swift; sourceTree = "<group>"; };
		7F272774286131D800B7A294 /* registerInteractor.swift */ = {isa = PBXFileReference; lastKnownFileType = sourcecode.swift; path = registerInteractor.swift; sourceTree = "<group>"; };
		7F272775286131D800B7A294 /* registerViewController.xib */ = {isa = PBXFileReference; lastKnownFileType = file.xib; path = registerViewController.xib; sourceTree = "<group>"; };
		7F2727842861978900B7A294 /* DevicesPresenter.swift */ = {isa = PBXFileReference; lastKnownFileType = sourcecode.swift; path = DevicesPresenter.swift; sourceTree = "<group>"; };
		7F2727852861978900B7A294 /* DevicesRouter.swift */ = {isa = PBXFileReference; lastKnownFileType = sourcecode.swift; path = DevicesRouter.swift; sourceTree = "<group>"; };
		7F2727862861978900B7A294 /* DevicesViewController.swift */ = {isa = PBXFileReference; lastKnownFileType = sourcecode.swift; path = DevicesViewController.swift; sourceTree = "<group>"; };
		7F2727872861978900B7A294 /* DevicesProtocols.swift */ = {isa = PBXFileReference; lastKnownFileType = sourcecode.swift; path = DevicesProtocols.swift; sourceTree = "<group>"; };
		7F2727882861978900B7A294 /* DevicesInteractor.swift */ = {isa = PBXFileReference; lastKnownFileType = sourcecode.swift; path = DevicesInteractor.swift; sourceTree = "<group>"; };
		7F2727892861978900B7A294 /* DevicesViewController.xib */ = {isa = PBXFileReference; lastKnownFileType = file.xib; path = DevicesViewController.xib; sourceTree = "<group>"; };
		7F8157C3286A7E5E00E3DD50 /* RouterUtil.swift */ = {isa = PBXFileReference; lastKnownFileType = sourcecode.swift; path = RouterUtil.swift; sourceTree = "<group>"; };
		7FCB2F9E2864040D0002A7CA /* Device.swift */ = {isa = PBXFileReference; lastKnownFileType = sourcecode.swift; path = Device.swift; sourceTree = "<group>"; };
		7FEF25AA2868F489002CE35C /* FirebaseManager.swift */ = {isa = PBXFileReference; lastKnownFileType = sourcecode.swift; path = FirebaseManager.swift; sourceTree = "<group>"; };
		7FEF25AC2868F849002CE35C /* FirebaseClient.swift */ = {isa = PBXFileReference; lastKnownFileType = sourcecode.swift; path = FirebaseClient.swift; sourceTree = "<group>"; };
		7FEF25C2286904FE002CE35C /* RemoteControlTests.xctest */ = {isa = PBXFileReference; explicitFileType = wrapper.cfbundle; includeInIndex = 0; path = RemoteControlTests.xctest; sourceTree = BUILT_PRODUCTS_DIR; };
		7FEF25C4286904FE002CE35C /* RemoteControlTests.swift */ = {isa = PBXFileReference; lastKnownFileType = sourcecode.swift; path = RemoteControlTests.swift; sourceTree = "<group>"; };
		7FEF25CB286905F7002CE35C /* DevicesTest.swift */ = {isa = PBXFileReference; lastKnownFileType = sourcecode.swift; path = DevicesTest.swift; sourceTree = "<group>"; };
		914758F35B1266906AA78705 /* Pods-RemoteControl.release.xcconfig */ = {isa = PBXFileReference; includeInIndex = 1; lastKnownFileType = text.xcconfig; name = "Pods-RemoteControl.release.xcconfig"; path = "Target Support Files/Pods-RemoteControl/Pods-RemoteControl.release.xcconfig"; sourceTree = "<group>"; };
		9C155DAE46A4DFED5EC0FC61 /* Pods-RemoteControl.debug.xcconfig */ = {isa = PBXFileReference; includeInIndex = 1; lastKnownFileType = text.xcconfig; name = "Pods-RemoteControl.debug.xcconfig"; path = "Target Support Files/Pods-RemoteControl/Pods-RemoteControl.debug.xcconfig"; sourceTree = "<group>"; };
		A13437E8FFE34F7669A29493 /* Pods_RemoteControlTests.framework */ = {isa = PBXFileReference; explicitFileType = wrapper.framework; includeInIndex = 0; path = Pods_RemoteControlTests.framework; sourceTree = BUILT_PRODUCTS_DIR; };
		C6E13B86AB080C91D69ACFA9 /* Pods-RemoteControlTests.debug.xcconfig */ = {isa = PBXFileReference; includeInIndex = 1; lastKnownFileType = text.xcconfig; name = "Pods-RemoteControlTests.debug.xcconfig"; path = "Target Support Files/Pods-RemoteControlTests/Pods-RemoteControlTests.debug.xcconfig"; sourceTree = "<group>"; };
		F72CEFDCF89B52DDB8F85A44 /* Pods-RemoteControl-RemoteControlTests.debug.xcconfig */ = {isa = PBXFileReference; includeInIndex = 1; lastKnownFileType = text.xcconfig; name = "Pods-RemoteControl-RemoteControlTests.debug.xcconfig"; path = "Target Support Files/Pods-RemoteControl-RemoteControlTests/Pods-RemoteControl-RemoteControlTests.debug.xcconfig"; sourceTree = "<group>"; };
/* End PBXFileReference section */

/* Begin PBXFrameworksBuildPhase section */
		7F018557285BD67100915CD8 /* Frameworks */ = {
			isa = PBXFrameworksBuildPhase;
			buildActionMask = 2147483647;
			files = (
				7F018573285BD6C600915CD8 /* Starscream in Frameworks */,
				EE3328AB891B38202AD81DB1 /* Pods_RemoteControl.framework in Frameworks */,
			);
			runOnlyForDeploymentPostprocessing = 0;
		};
		7FEF25BF286904FE002CE35C /* Frameworks */ = {
			isa = PBXFrameworksBuildPhase;
			buildActionMask = 2147483647;
			files = (
				B3E4C525A84B0FB481C03F33 /* Pods_RemoteControlTests.framework in Frameworks */,
			);
			runOnlyForDeploymentPostprocessing = 0;
		};
/* End PBXFrameworksBuildPhase section */

/* Begin PBXGroup section */
		20285539507E326C68EA35EE /* Pods */ = {
			isa = PBXGroup;
			children = (
				9C155DAE46A4DFED5EC0FC61 /* Pods-RemoteControl.debug.xcconfig */,
				914758F35B1266906AA78705 /* Pods-RemoteControl.release.xcconfig */,
				C6E13B86AB080C91D69ACFA9 /* Pods-RemoteControlTests.debug.xcconfig */,
				08A0B1398E36719E6B749A17 /* Pods-RemoteControlTests.release.xcconfig */,
				F72CEFDCF89B52DDB8F85A44 /* Pods-RemoteControl-RemoteControlTests.debug.xcconfig */,
				72512401A916113810234200 /* Pods-RemoteControl-RemoteControlTests.release.xcconfig */,
			);
			path = Pods;
			sourceTree = "<group>";
		};
		6930627CC4EB5B753DB5EB65 /* Frameworks */ = {
			isa = PBXGroup;
			children = (
				58196F529ACE3CAABC1B90C0 /* Pods_RemoteControl.framework */,
				A13437E8FFE34F7669A29493 /* Pods_RemoteControlTests.framework */,
			);
			name = Frameworks;
			sourceTree = "<group>";
		};
		7F018551285BD67100915CD8 = {
			isa = PBXGroup;
			children = (
				7F01855C285BD67100915CD8 /* RemoteControl */,
				7FEF25C3286904FE002CE35C /* RemoteControlTests */,
				7F01855B285BD67100915CD8 /* Products */,
				20285539507E326C68EA35EE /* Pods */,
				6930627CC4EB5B753DB5EB65 /* Frameworks */,
			);
			sourceTree = "<group>";
		};
		7F01855B285BD67100915CD8 /* Products */ = {
			isa = PBXGroup;
			children = (
				7F01855A285BD67100915CD8 /* RemoteControl.app */,
				7FEF25C2286904FE002CE35C /* RemoteControlTests.xctest */,
			);
			name = Products;
			sourceTree = "<group>";
		};
		7F01855C285BD67100915CD8 /* RemoteControl */ = {
			isa = PBXGroup;
			children = (
				7F27277C28616B8300B7A294 /* Classes */,
				7F27278228616CB200B7A294 /* Resources */,
				7F27278128616C9900B7A294 /* Supporting Files */,
				7F01858F285C16B600915CD8 /* Auth */,
				7F018561285BD67100915CD8 /* ViewController.swift */,
				7F018563285BD67100915CD8 /* Main.storyboard */,
			);
			path = RemoteControl;
			sourceTree = "<group>";
		};
		7F01858F285C16B600915CD8 /* Auth */ = {
			isa = PBXGroup;
			children = (
				7F018585285BE6E600915CD8 /* AuthFirebase.swift */,
			);
			path = "\U0010Auth";
			sourceTree = "<group>";
		};
		7F27277C28616B8300B7A294 /* Classes */ = {
			isa = PBXGroup;
			children = (
				7FEF25A92868E172002CE35C /* Managers */,
				7FCB2F9C286403A90002A7CA /* Common */,
				7F27277E28616C3E00B7A294 /* Modules */,
			);
			path = Classes;
			sourceTree = "<group>";
		};
		7F27277D28616BA300B7A294 /* App */ = {
			isa = PBXGroup;
			children = (
				7F01855F285BD67100915CD8 /* SceneDelegate.swift */,
				7F01855D285BD67100915CD8 /* AppDelegate.swift */,
			);
			path = App;
			sourceTree = "<group>";
		};
		7F27277E28616C3E00B7A294 /* Modules */ = {
			isa = PBXGroup;
			children = (
				7F27277D28616BA300B7A294 /* App */,
				7F272783286196F600B7A294 /* Devices */,
				7F27278028616C6700B7A294 /* Login */,
				7F27277F28616C4B00B7A294 /* Register */,
			);
			path = Modules;
			sourceTree = "<group>";
		};
		7F27277F28616C4B00B7A294 /* Register */ = {
			isa = PBXGroup;
			children = (
				7F272770286131D800B7A294 /* registerPresenter.swift */,
				7F272771286131D800B7A294 /* registerRouter.swift */,
				7F272772286131D800B7A294 /* registerViewController.swift */,
				7F272773286131D800B7A294 /* registerProtocols.swift */,
				7F272774286131D800B7A294 /* registerInteractor.swift */,
				7F272775286131D800B7A294 /* registerViewController.xib */,
			);
			path = Register;
			sourceTree = "<group>";
		};
		7F27278028616C6700B7A294 /* Login */ = {
			isa = PBXGroup;
			children = (
				7F018574285BE4A600915CD8 /* LoginPresenter.swift */,
				7F018575285BE4A600915CD8 /* LoginRouter.swift */,
				7F018576285BE4A600915CD8 /* LoginViewController.swift */,
				7F018577285BE4A600915CD8 /* LoginProtocols.swift */,
				7F018578285BE4A600915CD8 /* LoginInteractor.swift */,
				7F018579285BE4A600915CD8 /* LoginViewController.xib */,
			);
			path = Login;
			sourceTree = "<group>";
		};
		7F27278128616C9900B7A294 /* Supporting Files */ = {
			isa = PBXGroup;
			children = (
				7F01856B285BD67200915CD8 /* Info.plist */,
				7F018580285BE5CC00915CD8 /* GoogleService-Info.plist */,
				7F018568285BD67200915CD8 /* LaunchScreen.storyboard */,
			);
			path = "Supporting Files";
			sourceTree = "<group>";
		};
		7F27278228616CB200B7A294 /* Resources */ = {
			isa = PBXGroup;
			children = (
				7F018566285BD67200915CD8 /* Assets.xcassets */,
			);
			path = Resources;
			sourceTree = "<group>";
		};
		7F272783286196F600B7A294 /* Devices */ = {
			isa = PBXGroup;
			children = (
				7F2727842861978900B7A294 /* DevicesPresenter.swift */,
				7F2727852861978900B7A294 /* DevicesRouter.swift */,
				7F2727862861978900B7A294 /* DevicesViewController.swift */,
				7F2727872861978900B7A294 /* DevicesProtocols.swift */,
				7F2727882861978900B7A294 /* DevicesInteractor.swift */,
				7F2727892861978900B7A294 /* DevicesViewController.xib */,
			);
			path = Devices;
			sourceTree = "<group>";
		};
		7F8157C2286A7E3000E3DD50 /* Utils */ = {
			isa = PBXGroup;
			children = (
				7F8157C3286A7E5E00E3DD50 /* RouterUtil.swift */,
			);
			path = Utils;
			sourceTree = "<group>";
		};
		7FCB2F9C286403A90002A7CA /* Common */ = {
			isa = PBXGroup;
			children = (
				7F8157C2286A7E3000E3DD50 /* Utils */,
				7FCB2F9D286403B60002A7CA /* Entities */,
			);
			path = Common;
			sourceTree = "<group>";
		};
		7FCB2F9D286403B60002A7CA /* Entities */ = {
			isa = PBXGroup;
			children = (
				7FCB2F9E2864040D0002A7CA /* Device.swift */,
			);
			path = Entities;
			sourceTree = "<group>";
		};
		7FEF25A92868E172002CE35C /* Managers */ = {
			isa = PBXGroup;
			children = (
				7FEF25AA2868F489002CE35C /* FirebaseManager.swift */,
				7FEF25AC2868F849002CE35C /* FirebaseClient.swift */,
			);
			path = Managers;
			sourceTree = "<group>";
		};
		7FEF25C3286904FE002CE35C /* RemoteControlTests */ = {
			isa = PBXGroup;
			children = (
				7FEF25C4286904FE002CE35C /* RemoteControlTests.swift */,
				7FEF25CB286905F7002CE35C /* DevicesTest.swift */,
			);
			path = RemoteControlTests;
			sourceTree = "<group>";
		};
/* End PBXGroup section */

/* Begin PBXNativeTarget section */
		7F018559285BD67100915CD8 /* RemoteControl */ = {
			isa = PBXNativeTarget;
			buildConfigurationList = 7F01856E285BD67200915CD8 /* Build configuration list for PBXNativeTarget "RemoteControl" */;
			buildPhases = (
				48EA987B16759772EF8FB75C /* [CP] Check Pods Manifest.lock */,
				7F018556285BD67100915CD8 /* Sources */,
				7F018557285BD67100915CD8 /* Frameworks */,
				7F018558285BD67100915CD8 /* Resources */,
				7141702E4DE73C57D4187511 /* [CP] Embed Pods Frameworks */,
			);
			buildRules = (
			);
			dependencies = (
			);
			name = RemoteControl;
			packageProductDependencies = (
				7F018572285BD6C600915CD8 /* Starscream */,
			);
			productName = RemoteControl;
			productReference = 7F01855A285BD67100915CD8 /* RemoteControl.app */;
			productType = "com.apple.product-type.application";
		};
		7FEF25C1286904FE002CE35C /* RemoteControlTests */ = {
			isa = PBXNativeTarget;
			buildConfigurationList = 7FEF25CA286904FE002CE35C /* Build configuration list for PBXNativeTarget "RemoteControlTests" */;
			buildPhases = (
				59417610898DC9B734B7E152 /* [CP] Check Pods Manifest.lock */,
				7FEF25BE286904FE002CE35C /* Sources */,
				7FEF25BF286904FE002CE35C /* Frameworks */,
				7FEF25C0286904FE002CE35C /* Resources */,
			);
			buildRules = (
			);
			dependencies = (
				7FEF25C7286904FE002CE35C /* PBXTargetDependency */,
			);
			name = RemoteControlTests;
			productName = RemoteControlTests;
			productReference = 7FEF25C2286904FE002CE35C /* RemoteControlTests.xctest */;
			productType = "com.apple.product-type.bundle.unit-test";
		};
/* End PBXNativeTarget section */

/* Begin PBXProject section */
		7F018552285BD67100915CD8 /* Project object */ = {
			isa = PBXProject;
			attributes = {
				BuildIndependentTargetsInParallel = 1;
				LastSwiftUpdateCheck = 1340;
				LastUpgradeCheck = 1340;
				TargetAttributes = {
					7F018559285BD67100915CD8 = {
						CreatedOnToolsVersion = 13.4.1;
					};
					7FEF25C1286904FE002CE35C = {
						CreatedOnToolsVersion = 13.4.1;
						TestTargetID = 7F018559285BD67100915CD8;
					};
				};
			};
			buildConfigurationList = 7F018555285BD67100915CD8 /* Build configuration list for PBXProject "RemoteControl" */;
			compatibilityVersion = "Xcode 13.0";
			developmentRegion = en;
			hasScannedForEncodings = 0;
			knownRegions = (
				en,
				Base,
			);
			mainGroup = 7F018551285BD67100915CD8;
			packageReferences = (
				7F018571285BD6C600915CD8 /* XCRemoteSwiftPackageReference "Starscream" */,
			);
			productRefGroup = 7F01855B285BD67100915CD8 /* Products */;
			projectDirPath = "";
			projectRoot = "";
			targets = (
				7F018559285BD67100915CD8 /* RemoteControl */,
				7FEF25C1286904FE002CE35C /* RemoteControlTests */,
			);
		};
/* End PBXProject section */

/* Begin PBXResourcesBuildPhase section */
		7F018558285BD67100915CD8 /* Resources */ = {
			isa = PBXResourcesBuildPhase;
			buildActionMask = 2147483647;
			files = (
				7F01857F285BE4A600915CD8 /* LoginViewController.xib in Resources */,
				7F27277B286131D800B7A294 /* registerViewController.xib in Resources */,
				7F27278F2861978900B7A294 /* DevicesViewController.xib in Resources */,
				7F01856A285BD67200915CD8 /* LaunchScreen.storyboard in Resources */,
				7F018581285BE5CC00915CD8 /* GoogleService-Info.plist in Resources */,
				7F018567285BD67200915CD8 /* Assets.xcassets in Resources */,
				7F018565285BD67100915CD8 /* Main.storyboard in Resources */,
			);
			runOnlyForDeploymentPostprocessing = 0;
		};
		7FEF25C0286904FE002CE35C /* Resources */ = {
			isa = PBXResourcesBuildPhase;
			buildActionMask = 2147483647;
			files = (
			);
			runOnlyForDeploymentPostprocessing = 0;
		};
/* End PBXResourcesBuildPhase section */

/* Begin PBXShellScriptBuildPhase section */
		48EA987B16759772EF8FB75C /* [CP] Check Pods Manifest.lock */ = {
			isa = PBXShellScriptBuildPhase;
			buildActionMask = 2147483647;
			files = (
			);
			inputFileListPaths = (
			);
			inputPaths = (
				"${PODS_PODFILE_DIR_PATH}/Podfile.lock",
				"${PODS_ROOT}/Manifest.lock",
			);
			name = "[CP] Check Pods Manifest.lock";
			outputFileListPaths = (
			);
			outputPaths = (
				"$(DERIVED_FILE_DIR)/Pods-RemoteControl-checkManifestLockResult.txt",
			);
			runOnlyForDeploymentPostprocessing = 0;
			shellPath = /bin/sh;
			shellScript = "diff \"${PODS_PODFILE_DIR_PATH}/Podfile.lock\" \"${PODS_ROOT}/Manifest.lock\" > /dev/null\nif [ $? != 0 ] ; then\n    # print error to STDERR\n    echo \"error: The sandbox is not in sync with the Podfile.lock. Run 'pod install' or update your CocoaPods installation.\" >&2\n    exit 1\nfi\n# This output is used by Xcode 'outputs' to avoid re-running this script phase.\necho \"SUCCESS\" > \"${SCRIPT_OUTPUT_FILE_0}\"\n";
			showEnvVarsInLog = 0;
		};
		59417610898DC9B734B7E152 /* [CP] Check Pods Manifest.lock */ = {
			isa = PBXShellScriptBuildPhase;
			buildActionMask = 2147483647;
			files = (
			);
			inputFileListPaths = (
			);
			inputPaths = (
				"${PODS_PODFILE_DIR_PATH}/Podfile.lock",
				"${PODS_ROOT}/Manifest.lock",
			);
			name = "[CP] Check Pods Manifest.lock";
			outputFileListPaths = (
			);
			outputPaths = (
				"$(DERIVED_FILE_DIR)/Pods-RemoteControlTests-checkManifestLockResult.txt",
			);
			runOnlyForDeploymentPostprocessing = 0;
			shellPath = /bin/sh;
			shellScript = "diff \"${PODS_PODFILE_DIR_PATH}/Podfile.lock\" \"${PODS_ROOT}/Manifest.lock\" > /dev/null\nif [ $? != 0 ] ; then\n    # print error to STDERR\n    echo \"error: The sandbox is not in sync with the Podfile.lock. Run 'pod install' or update your CocoaPods installation.\" >&2\n    exit 1\nfi\n# This output is used by Xcode 'outputs' to avoid re-running this script phase.\necho \"SUCCESS\" > \"${SCRIPT_OUTPUT_FILE_0}\"\n";
			showEnvVarsInLog = 0;
		};
		7141702E4DE73C57D4187511 /* [CP] Embed Pods Frameworks */ = {
			isa = PBXShellScriptBuildPhase;
			buildActionMask = 2147483647;
			files = (
			);
			inputFileListPaths = (
				"${PODS_ROOT}/Target Support Files/Pods-RemoteControl/Pods-RemoteControl-frameworks-${CONFIGURATION}-input-files.xcfilelist",
			);
			name = "[CP] Embed Pods Frameworks";
			outputFileListPaths = (
				"${PODS_ROOT}/Target Support Files/Pods-RemoteControl/Pods-RemoteControl-frameworks-${CONFIGURATION}-output-files.xcfilelist",
			);
			runOnlyForDeploymentPostprocessing = 0;
			shellPath = /bin/sh;
			shellScript = "\"${PODS_ROOT}/Target Support Files/Pods-RemoteControl/Pods-RemoteControl-frameworks.sh\"\n";
			showEnvVarsInLog = 0;
		};
/* End PBXShellScriptBuildPhase section */

/* Begin PBXSourcesBuildPhase section */
		7F018556285BD67100915CD8 /* Sources */ = {
			isa = PBXSourcesBuildPhase;
			buildActionMask = 2147483647;
			files = (
				7F272779286131D800B7A294 /* registerProtocols.swift in Sources */,
				7F27278D2861978900B7A294 /* DevicesProtocols.swift in Sources */,
				7F01857A285BE4A600915CD8 /* LoginPresenter.swift in Sources */,
				7F27278B2861978900B7A294 /* DevicesRouter.swift in Sources */,
				7F018562285BD67100915CD8 /* ViewController.swift in Sources */,
				7F27278E2861978900B7A294 /* DevicesInteractor.swift in Sources */,
				7F8157C4286A7E5E00E3DD50 /* RouterUtil.swift in Sources */,
				7F27277A286131D800B7A294 /* registerInteractor.swift in Sources */,
				7FEF25AD2868F849002CE35C /* FirebaseClient.swift in Sources */,
				7F01857C285BE4A600915CD8 /* LoginViewController.swift in Sources */,
				7F27278A2861978900B7A294 /* DevicesPresenter.swift in Sources */,
				7FEF25AB2868F489002CE35C /* FirebaseManager.swift in Sources */,
				7F272778286131D800B7A294 /* registerViewController.swift in Sources */,
				7F27278C2861978900B7A294 /* DevicesViewController.swift in Sources */,
				7F01855E285BD67100915CD8 /* AppDelegate.swift in Sources */,
				7F01857E285BE4A600915CD8 /* LoginInteractor.swift in Sources */,
				7F01857D285BE4A600915CD8 /* LoginProtocols.swift in Sources */,
				7F01857B285BE4A600915CD8 /* LoginRouter.swift in Sources */,
				7F272776286131D800B7A294 /* registerPresenter.swift in Sources */,
				7F018586285BE6E600915CD8 /* AuthFirebase.swift in Sources */,
				7F272777286131D800B7A294 /* registerRouter.swift in Sources */,
				7F018560285BD67100915CD8 /* SceneDelegate.swift in Sources */,
				7FCB2F9F2864040D0002A7CA /* Device.swift in Sources */,
			);
			runOnlyForDeploymentPostprocessing = 0;
		};
		7FEF25BE286904FE002CE35C /* Sources */ = {
			isa = PBXSourcesBuildPhase;
			buildActionMask = 2147483647;
			files = (
				7FEF25C5286904FE002CE35C /* RemoteControlTests.swift in Sources */,
				7FEF25CC286905F7002CE35C /* DevicesTest.swift in Sources */,
			);
			runOnlyForDeploymentPostprocessing = 0;
		};
/* End PBXSourcesBuildPhase section */

/* Begin PBXTargetDependency section */
		7FEF25C7286904FE002CE35C /* PBXTargetDependency */ = {
			isa = PBXTargetDependency;
			target = 7F018559285BD67100915CD8 /* RemoteControl */;
			targetProxy = 7FEF25C6286904FE002CE35C /* PBXContainerItemProxy */;
		};
/* End PBXTargetDependency section */

/* Begin PBXVariantGroup section */
		7F018563285BD67100915CD8 /* Main.storyboard */ = {
			isa = PBXVariantGroup;
			children = (
				7F018564285BD67100915CD8 /* Base */,
			);
			name = Main.storyboard;
			sourceTree = "<group>";
		};
		7F018568285BD67200915CD8 /* LaunchScreen.storyboard */ = {
			isa = PBXVariantGroup;
			children = (
				7F018569285BD67200915CD8 /* Base */,
			);
			name = LaunchScreen.storyboard;
			sourceTree = "<group>";
		};
/* End PBXVariantGroup section */

/* Begin XCBuildConfiguration section */
		7F01856C285BD67200915CD8 /* Debug */ = {
			isa = XCBuildConfiguration;
			buildSettings = {
				ALWAYS_SEARCH_USER_PATHS = NO;
				CLANG_ANALYZER_NONNULL = YES;
				CLANG_ANALYZER_NUMBER_OBJECT_CONVERSION = YES_AGGRESSIVE;
				CLANG_CXX_LANGUAGE_STANDARD = "gnu++17";
				CLANG_ENABLE_MODULES = YES;
				CLANG_ENABLE_OBJC_ARC = YES;
				CLANG_ENABLE_OBJC_WEAK = YES;
				CLANG_WARN_BLOCK_CAPTURE_AUTORELEASING = YES;
				CLANG_WARN_BOOL_CONVERSION = YES;
				CLANG_WARN_COMMA = YES;
				CLANG_WARN_CONSTANT_CONVERSION = YES;
				CLANG_WARN_DEPRECATED_OBJC_IMPLEMENTATIONS = YES;
				CLANG_WARN_DIRECT_OBJC_ISA_USAGE = YES_ERROR;
				CLANG_WARN_DOCUMENTATION_COMMENTS = YES;
				CLANG_WARN_EMPTY_BODY = YES;
				CLANG_WARN_ENUM_CONVERSION = YES;
				CLANG_WARN_INFINITE_RECURSION = YES;
				CLANG_WARN_INT_CONVERSION = YES;
				CLANG_WARN_NON_LITERAL_NULL_CONVERSION = YES;
				CLANG_WARN_OBJC_IMPLICIT_RETAIN_SELF = YES;
				CLANG_WARN_OBJC_LITERAL_CONVERSION = YES;
				CLANG_WARN_OBJC_ROOT_CLASS = YES_ERROR;
				CLANG_WARN_QUOTED_INCLUDE_IN_FRAMEWORK_HEADER = YES;
				CLANG_WARN_RANGE_LOOP_ANALYSIS = YES;
				CLANG_WARN_STRICT_PROTOTYPES = YES;
				CLANG_WARN_SUSPICIOUS_MOVE = YES;
				CLANG_WARN_UNGUARDED_AVAILABILITY = YES_AGGRESSIVE;
				CLANG_WARN_UNREACHABLE_CODE = YES;
				CLANG_WARN__DUPLICATE_METHOD_MATCH = YES;
				COPY_PHASE_STRIP = NO;
				DEBUG_INFORMATION_FORMAT = dwarf;
				ENABLE_STRICT_OBJC_MSGSEND = YES;
				ENABLE_TESTABILITY = YES;
				GCC_C_LANGUAGE_STANDARD = gnu11;
				GCC_DYNAMIC_NO_PIC = NO;
				GCC_NO_COMMON_BLOCKS = YES;
				GCC_OPTIMIZATION_LEVEL = 0;
				GCC_PREPROCESSOR_DEFINITIONS = (
					"DEBUG=1",
					"$(inherited)",
				);
				GCC_WARN_64_TO_32_BIT_CONVERSION = YES;
				GCC_WARN_ABOUT_RETURN_TYPE = YES_ERROR;
				GCC_WARN_UNDECLARED_SELECTOR = YES;
				GCC_WARN_UNINITIALIZED_AUTOS = YES_AGGRESSIVE;
				GCC_WARN_UNUSED_FUNCTION = YES;
				GCC_WARN_UNUSED_VARIABLE = YES;
				INFOPLIST_FILE = "RemoteControl/Supporting Files/Info.plist";
				IPHONEOS_DEPLOYMENT_TARGET = 15.5;
				MTL_ENABLE_DEBUG_INFO = INCLUDE_SOURCE;
				MTL_FAST_MATH = YES;
				ONLY_ACTIVE_ARCH = YES;
				SDKROOT = iphoneos;
				SWIFT_ACTIVE_COMPILATION_CONDITIONS = DEBUG;
				SWIFT_OPTIMIZATION_LEVEL = "-Onone";
			};
			name = Debug;
		};
		7F01856D285BD67200915CD8 /* Release */ = {
			isa = XCBuildConfiguration;
			buildSettings = {
				ALWAYS_SEARCH_USER_PATHS = NO;
				CLANG_ANALYZER_NONNULL = YES;
				CLANG_ANALYZER_NUMBER_OBJECT_CONVERSION = YES_AGGRESSIVE;
				CLANG_CXX_LANGUAGE_STANDARD = "gnu++17";
				CLANG_ENABLE_MODULES = YES;
				CLANG_ENABLE_OBJC_ARC = YES;
				CLANG_ENABLE_OBJC_WEAK = YES;
				CLANG_WARN_BLOCK_CAPTURE_AUTORELEASING = YES;
				CLANG_WARN_BOOL_CONVERSION = YES;
				CLANG_WARN_COMMA = YES;
				CLANG_WARN_CONSTANT_CONVERSION = YES;
				CLANG_WARN_DEPRECATED_OBJC_IMPLEMENTATIONS = YES;
				CLANG_WARN_DIRECT_OBJC_ISA_USAGE = YES_ERROR;
				CLANG_WARN_DOCUMENTATION_COMMENTS = YES;
				CLANG_WARN_EMPTY_BODY = YES;
				CLANG_WARN_ENUM_CONVERSION = YES;
				CLANG_WARN_INFINITE_RECURSION = YES;
				CLANG_WARN_INT_CONVERSION = YES;
				CLANG_WARN_NON_LITERAL_NULL_CONVERSION = YES;
				CLANG_WARN_OBJC_IMPLICIT_RETAIN_SELF = YES;
				CLANG_WARN_OBJC_LITERAL_CONVERSION = YES;
				CLANG_WARN_OBJC_ROOT_CLASS = YES_ERROR;
				CLANG_WARN_QUOTED_INCLUDE_IN_FRAMEWORK_HEADER = YES;
				CLANG_WARN_RANGE_LOOP_ANALYSIS = YES;
				CLANG_WARN_STRICT_PROTOTYPES = YES;
				CLANG_WARN_SUSPICIOUS_MOVE = YES;
				CLANG_WARN_UNGUARDED_AVAILABILITY = YES_AGGRESSIVE;
				CLANG_WARN_UNREACHABLE_CODE = YES;
				CLANG_WARN__DUPLICATE_METHOD_MATCH = YES;
				COPY_PHASE_STRIP = NO;
				DEBUG_INFORMATION_FORMAT = "dwarf-with-dsym";
				ENABLE_NS_ASSERTIONS = NO;
				ENABLE_STRICT_OBJC_MSGSEND = YES;
				GCC_C_LANGUAGE_STANDARD = gnu11;
				GCC_NO_COMMON_BLOCKS = YES;
				GCC_WARN_64_TO_32_BIT_CONVERSION = YES;
				GCC_WARN_ABOUT_RETURN_TYPE = YES_ERROR;
				GCC_WARN_UNDECLARED_SELECTOR = YES;
				GCC_WARN_UNINITIALIZED_AUTOS = YES_AGGRESSIVE;
				GCC_WARN_UNUSED_FUNCTION = YES;
				GCC_WARN_UNUSED_VARIABLE = YES;
				INFOPLIST_FILE = "RemoteControl/Supporting Files/Info.plist";
				"INFOPLIST_FILE[sdk=*]" = "";
				IPHONEOS_DEPLOYMENT_TARGET = 15.5;
				MTL_ENABLE_DEBUG_INFO = NO;
				MTL_FAST_MATH = YES;
				SDKROOT = iphoneos;
				SWIFT_COMPILATION_MODE = wholemodule;
				SWIFT_OPTIMIZATION_LEVEL = "-O";
				VALIDATE_PRODUCT = YES;
			};
			name = Release;
		};
		7F01856F285BD67200915CD8 /* Debug */ = {
			isa = XCBuildConfiguration;
			baseConfigurationReference = 9C155DAE46A4DFED5EC0FC61 /* Pods-RemoteControl.debug.xcconfig */;
			buildSettings = {
				ASSETCATALOG_COMPILER_APPICON_NAME = AppIcon;
				ASSETCATALOG_COMPILER_GLOBAL_ACCENT_COLOR_NAME = AccentColor;
				CODE_SIGN_STYLE = Automatic;
				CURRENT_PROJECT_VERSION = 1;
				DEVELOPMENT_TEAM = 4UYL73L62L;
				GENERATE_INFOPLIST_FILE = YES;
				INFOPLIST_FILE = "RemoteControl/Supporting Files/Info.plist";
				INFOPLIST_KEY_UIApplicationSupportsIndirectInputEvents = YES;
				INFOPLIST_KEY_UILaunchStoryboardName = LaunchScreen;
				INFOPLIST_KEY_UIMainStoryboardFile = Main;
				INFOPLIST_KEY_UISupportedInterfaceOrientations_iPad = "UIInterfaceOrientationPortrait UIInterfaceOrientationPortraitUpsideDown UIInterfaceOrientationLandscapeLeft UIInterfaceOrientationLandscapeRight";
				INFOPLIST_KEY_UISupportedInterfaceOrientations_iPhone = "UIInterfaceOrientationPortrait UIInterfaceOrientationLandscapeLeft UIInterfaceOrientationLandscapeRight";
				LD_RUNPATH_SEARCH_PATHS = (
					"$(inherited)",
					"@executable_path/Frameworks",
				);
				MARKETING_VERSION = 1.0;
				PRODUCT_BUNDLE_IDENTIFIER = com.sanlegas.RemoteControl;
				PRODUCT_NAME = "$(TARGET_NAME)";
				SWIFT_EMIT_LOC_STRINGS = YES;
				SWIFT_VERSION = 5.0;
				TARGETED_DEVICE_FAMILY = "1,2";
			};
			name = Debug;
		};
		7F018570285BD67200915CD8 /* Release */ = {
			isa = XCBuildConfiguration;
			baseConfigurationReference = 914758F35B1266906AA78705 /* Pods-RemoteControl.release.xcconfig */;
			buildSettings = {
				ASSETCATALOG_COMPILER_APPICON_NAME = AppIcon;
				ASSETCATALOG_COMPILER_GLOBAL_ACCENT_COLOR_NAME = AccentColor;
				CODE_SIGN_STYLE = Automatic;
				CURRENT_PROJECT_VERSION = 1;
				DEVELOPMENT_TEAM = 4UYL73L62L;
				GENERATE_INFOPLIST_FILE = YES;
				INFOPLIST_FILE = "RemoteControl/Supporting Files/Info.plist";
				INFOPLIST_KEY_UIApplicationSupportsIndirectInputEvents = YES;
				INFOPLIST_KEY_UILaunchStoryboardName = LaunchScreen;
				INFOPLIST_KEY_UIMainStoryboardFile = Main;
				INFOPLIST_KEY_UISupportedInterfaceOrientations_iPad = "UIInterfaceOrientationPortrait UIInterfaceOrientationPortraitUpsideDown UIInterfaceOrientationLandscapeLeft UIInterfaceOrientationLandscapeRight";
				INFOPLIST_KEY_UISupportedInterfaceOrientations_iPhone = "UIInterfaceOrientationPortrait UIInterfaceOrientationLandscapeLeft UIInterfaceOrientationLandscapeRight";
				LD_RUNPATH_SEARCH_PATHS = (
					"$(inherited)",
					"@executable_path/Frameworks",
				);
				MARKETING_VERSION = 1.0;
				PRODUCT_BUNDLE_IDENTIFIER = com.sanlegas.RemoteControl;
				PRODUCT_NAME = "$(TARGET_NAME)";
				SWIFT_EMIT_LOC_STRINGS = YES;
				SWIFT_VERSION = 5.0;
				TARGETED_DEVICE_FAMILY = "1,2";
			};
			name = Release;
		};
		7FEF25C8286904FE002CE35C /* Debug */ = {
			isa = XCBuildConfiguration;
			baseConfigurationReference = C6E13B86AB080C91D69ACFA9 /* Pods-RemoteControlTests.debug.xcconfig */;
			buildSettings = {
				BUNDLE_LOADER = "$(TEST_HOST)";
				CODE_SIGN_STYLE = Automatic;
				CURRENT_PROJECT_VERSION = 1;
				DEVELOPMENT_TEAM = 4UYL73L62L;
				GENERATE_INFOPLIST_FILE = YES;
				HEADER_SEARCH_PATHS = (
					"$(inherited)",
					"\"${PODS_CONFIGURATION_BUILD_DIR}/FirebaseAuth/FirebaseAuth.framework/Headers\"",
					"\"${PODS_CONFIGURATION_BUILD_DIR}/FirebaseCore/FirebaseCore.framework/Headers\"",
					"\"${PODS_CONFIGURATION_BUILD_DIR}/FirebaseCoreDiagnostics/FirebaseCoreDiagnostics.framework/Headers\"",
					"\"${PODS_CONFIGURATION_BUILD_DIR}/FirebaseCoreInternal/FirebaseCoreInternal.framework/Headers\"",
					"\"${PODS_CONFIGURATION_BUILD_DIR}/FirebaseDatabase/FirebaseDatabase.framework/Headers\"",
					"\"${PODS_CONFIGURATION_BUILD_DIR}/FirebaseInstallations/FirebaseInstallations.framework/Headers\"",
					"\"${PODS_CONFIGURATION_BUILD_DIR}/GTMSessionFetcher/GTMSessionFetcher.framework/Headers\"",
					"\"${PODS_CONFIGURATION_BUILD_DIR}/GoogleDataTransport/GoogleDataTransport.framework/Headers\"",
					"\"${PODS_CONFIGURATION_BUILD_DIR}/GoogleUtilities/GoogleUtilities.framework/Headers\"",
					"\"${PODS_CONFIGURATION_BUILD_DIR}/PromisesObjC/FBLPromises.framework/Headers\"",
					"\"${PODS_CONFIGURATION_BUILD_DIR}/leveldb-library/leveldb.framework/Headers\"",
					"\"${PODS_CONFIGURATION_BUILD_DIR}/nanopb/nanopb.framework/Headers\"",
					"\"${PODS_ROOT}/Headers/Public\"",
					"\"${PODS_ROOT}/Headers/Public/Firebase\"",
					"$(inherited)",
					"\"${SRCROOT}/Pods/Firebase/CoreOnly/Sources\"",
					"${PODS_ROOT}/Firebase/CoreOnly/Sources",
				);
				MARKETING_VERSION = 1.0;
				PRODUCT_BUNDLE_IDENTIFIER = com.sanlegas.RemoteControlTests;
				PRODUCT_NAME = "$(TARGET_NAME)";
				SWIFT_EMIT_LOC_STRINGS = NO;
				SWIFT_VERSION = 5.0;
				TARGETED_DEVICE_FAMILY = "1,2";
				TEST_HOST = "$(BUILT_PRODUCTS_DIR)/RemoteControl.app/RemoteControl";
			};
			name = Debug;
		};
		7FEF25C9286904FE002CE35C /* Release */ = {
			isa = XCBuildConfiguration;
			baseConfigurationReference = 08A0B1398E36719E6B749A17 /* Pods-RemoteControlTests.release.xcconfig */;
			buildSettings = {
				BUNDLE_LOADER = "$(TEST_HOST)";
				CODE_SIGN_STYLE = Automatic;
				CURRENT_PROJECT_VERSION = 1;
				DEVELOPMENT_TEAM = 4UYL73L62L;
				GENERATE_INFOPLIST_FILE = YES;
				HEADER_SEARCH_PATHS = (
					"$(inherited)",
					"\"${PODS_CONFIGURATION_BUILD_DIR}/FirebaseAuth/FirebaseAuth.framework/Headers\"",
					"\"${PODS_CONFIGURATION_BUILD_DIR}/FirebaseCore/FirebaseCore.framework/Headers\"",
					"\"${PODS_CONFIGURATION_BUILD_DIR}/FirebaseCoreDiagnostics/FirebaseCoreDiagnostics.framework/Headers\"",
					"\"${PODS_CONFIGURATION_BUILD_DIR}/FirebaseCoreInternal/FirebaseCoreInternal.framework/Headers\"",
					"\"${PODS_CONFIGURATION_BUILD_DIR}/FirebaseDatabase/FirebaseDatabase.framework/Headers\"",
					"\"${PODS_CONFIGURATION_BUILD_DIR}/FirebaseInstallations/FirebaseInstallations.framework/Headers\"",
					"\"${PODS_CONFIGURATION_BUILD_DIR}/GTMSessionFetcher/GTMSessionFetcher.framework/Headers\"",
					"\"${PODS_CONFIGURATION_BUILD_DIR}/GoogleDataTransport/GoogleDataTransport.framework/Headers\"",
					"\"${PODS_CONFIGURATION_BUILD_DIR}/GoogleUtilities/GoogleUtilities.framework/Headers\"",
					"\"${PODS_CONFIGURATION_BUILD_DIR}/PromisesObjC/FBLPromises.framework/Headers\"",
					"\"${PODS_CONFIGURATION_BUILD_DIR}/leveldb-library/leveldb.framework/Headers\"",
					"\"${PODS_CONFIGURATION_BUILD_DIR}/nanopb/nanopb.framework/Headers\"",
					"\"${PODS_ROOT}/Headers/Public\"",
					"\"${PODS_ROOT}/Headers/Public/Firebase\"",
					"$(inherited)",
					"\"${SRCROOT}/Pods/Firebase/CoreOnly/Sources\"",
					"${PODS_ROOT}/Firebase/CoreOnly/Sources",
				);
				MARKETING_VERSION = 1.0;
				PRODUCT_BUNDLE_IDENTIFIER = com.sanlegas.RemoteControlTests;
				PRODUCT_NAME = "$(TARGET_NAME)";
				SWIFT_EMIT_LOC_STRINGS = NO;
				SWIFT_VERSION = 5.0;
				TARGETED_DEVICE_FAMILY = "1,2";
				TEST_HOST = "$(BUILT_PRODUCTS_DIR)/RemoteControl.app/RemoteControl";
			};
			name = Release;
		};
/* End XCBuildConfiguration section */

/* Begin XCConfigurationList section */
		7F018555285BD67100915CD8 /* Build configuration list for PBXProject "RemoteControl" */ = {
			isa = XCConfigurationList;
			buildConfigurations = (
				7F01856C285BD67200915CD8 /* Debug */,
				7F01856D285BD67200915CD8 /* Release */,
			);
			defaultConfigurationIsVisible = 0;
			defaultConfigurationName = Release;
		};
		7F01856E285BD67200915CD8 /* Build configuration list for PBXNativeTarget "RemoteControl" */ = {
			isa = XCConfigurationList;
			buildConfigurations = (
				7F01856F285BD67200915CD8 /* Debug */,
				7F018570285BD67200915CD8 /* Release */,
			);
			defaultConfigurationIsVisible = 0;
			defaultConfigurationName = Release;
		};
		7FEF25CA286904FE002CE35C /* Build configuration list for PBXNativeTarget "RemoteControlTests" */ = {
			isa = XCConfigurationList;
			buildConfigurations = (
				7FEF25C8286904FE002CE35C /* Debug */,
				7FEF25C9286904FE002CE35C /* Release */,
			);
			defaultConfigurationIsVisible = 0;
			defaultConfigurationName = Release;
		};
/* End XCConfigurationList section */

/* Begin XCRemoteSwiftPackageReference section */
		7F018571285BD6C600915CD8 /* XCRemoteSwiftPackageReference "Starscream" */ = {
			isa = XCRemoteSwiftPackageReference;
			repositoryURL = "https://github.com/daltoniam/Starscream.git";
			requirement = {
				kind = upToNextMajorVersion;
				minimumVersion = 4.0.0;
			};
		};
/* End XCRemoteSwiftPackageReference section */

/* Begin XCSwiftPackageProductDependency section */
		7F018572285BD6C600915CD8 /* Starscream */ = {
			isa = XCSwiftPackageProductDependency;
			package = 7F018571285BD6C600915CD8 /* XCRemoteSwiftPackageReference "Starscream" */;
			productName = Starscream;
		};
/* End XCSwiftPackageProductDependency section */
	};
	rootObject = 7F018552285BD67100915CD8 /* Project object */;
}
