// !$*UTF8*$!
{
	archiveVersion = 1;
	classes = {
	};
	objectVersion = 55;
	objects = {

/* Begin PBXBuildFile section */
		7F6974C428A8BC9C00BE9A08 /* AppDelegate.swift in Sources */ = {isa = PBXBuildFile; fileRef = 7F6974C328A8BC9C00BE9A08 /* AppDelegate.swift */; };
		7F6974C628A8BC9C00BE9A08 /* SceneDelegate.swift in Sources */ = {isa = PBXBuildFile; fileRef = 7F6974C528A8BC9C00BE9A08 /* SceneDelegate.swift */; };
		7F6974C828A8BC9C00BE9A08 /* ViewController.swift in Sources */ = {isa = PBXBuildFile; fileRef = 7F6974C728A8BC9C00BE9A08 /* ViewController.swift */; };
		7F6974CB28A8BC9C00BE9A08 /* Main.storyboard in Resources */ = {isa = PBXBuildFile; fileRef = 7F6974C928A8BC9C00BE9A08 /* Main.storyboard */; };
		7F6974CE28A8BC9C00BE9A08 /* PersistenceExamples.xcdatamodeld in Sources */ = {isa = PBXBuildFile; fileRef = 7F6974CC28A8BC9C00BE9A08 /* PersistenceExamples.xcdatamodeld */; };
		7F6974D028A8BC9D00BE9A08 /* Assets.xcassets in Resources */ = {isa = PBXBuildFile; fileRef = 7F6974CF28A8BC9D00BE9A08 /* Assets.xcassets */; };
		7F6974D328A8BC9D00BE9A08 /* LaunchScreen.storyboard in Resources */ = {isa = PBXBuildFile; fileRef = 7F6974D128A8BC9D00BE9A08 /* LaunchScreen.storyboard */; };
		7F6974E228A8BE6C00BE9A08 /* Realm in Frameworks */ = {isa = PBXBuildFile; productRef = 7F6974E128A8BE6C00BE9A08 /* Realm */; };
		7F6974E428A8BE6C00BE9A08 /* RealmSwift in Frameworks */ = {isa = PBXBuildFile; productRef = 7F6974E328A8BE6C00BE9A08 /* RealmSwift */; };
		7F6974E628A8CB1C00BE9A08 /* LocalOnlyQsTask.swift in Sources */ = {isa = PBXBuildFile; fileRef = 7F6974E528A8CB1C00BE9A08 /* LocalOnlyQsTask.swift */; };
/* End PBXBuildFile section */

/* Begin PBXFileReference section */
		7F6974C028A8BC9C00BE9A08 /* PersistenceExamples.app */ = {isa = PBXFileReference; explicitFileType = wrapper.application; includeInIndex = 0; path = PersistenceExamples.app; sourceTree = BUILT_PRODUCTS_DIR; };
		7F6974C328A8BC9C00BE9A08 /* AppDelegate.swift */ = {isa = PBXFileReference; lastKnownFileType = sourcecode.swift; path = AppDelegate.swift; sourceTree = "<group>"; };
		7F6974C528A8BC9C00BE9A08 /* SceneDelegate.swift */ = {isa = PBXFileReference; lastKnownFileType = sourcecode.swift; path = SceneDelegate.swift; sourceTree = "<group>"; };
		7F6974C728A8BC9C00BE9A08 /* ViewController.swift */ = {isa = PBXFileReference; lastKnownFileType = sourcecode.swift; path = ViewController.swift; sourceTree = "<group>"; };
		7F6974CA28A8BC9C00BE9A08 /* Base */ = {isa = PBXFileReference; lastKnownFileType = file.storyboard; name = Base; path = Base.lproj/Main.storyboard; sourceTree = "<group>"; };
		7F6974CD28A8BC9C00BE9A08 /* PersistenceExamples.xcdatamodel */ = {isa = PBXFileReference; lastKnownFileType = wrapper.xcdatamodel; path = PersistenceExamples.xcdatamodel; sourceTree = "<group>"; };
		7F6974CF28A8BC9D00BE9A08 /* Assets.xcassets */ = {isa = PBXFileReference; lastKnownFileType = folder.assetcatalog; path = Assets.xcassets; sourceTree = "<group>"; };
		7F6974D228A8BC9D00BE9A08 /* Base */ = {isa = PBXFileReference; lastKnownFileType = file.storyboard; name = Base; path = Base.lproj/LaunchScreen.storyboard; sourceTree = "<group>"; };
		7F6974D428A8BC9D00BE9A08 /* Info.plist */ = {isa = PBXFileReference; lastKnownFileType = text.plist.xml; path = Info.plist; sourceTree = "<group>"; };
		7F6974E528A8CB1C00BE9A08 /* LocalOnlyQsTask.swift */ = {isa = PBXFileReference; lastKnownFileType = sourcecode.swift; path = LocalOnlyQsTask.swift; sourceTree = "<group>"; };
/* End PBXFileReference section */

/* Begin PBXFrameworksBuildPhase section */
		7F6974BD28A8BC9C00BE9A08 /* Frameworks */ = {
			isa = PBXFrameworksBuildPhase;
			buildActionMask = 2147483647;
			files = (
				7F6974E428A8BE6C00BE9A08 /* RealmSwift in Frameworks */,
				7F6974E228A8BE6C00BE9A08 /* Realm in Frameworks */,
			);
			runOnlyForDeploymentPostprocessing = 0;
		};
/* End PBXFrameworksBuildPhase section */

/* Begin PBXGroup section */
		7F6974B728A8BC9C00BE9A08 = {
			isa = PBXGroup;
			children = (
				7F6974C228A8BC9C00BE9A08 /* PersistenceExamples */,
				7F6974C128A8BC9C00BE9A08 /* Products */,
			);
			sourceTree = "<group>";
		};
		7F6974C128A8BC9C00BE9A08 /* Products */ = {
			isa = PBXGroup;
			children = (
				7F6974C028A8BC9C00BE9A08 /* PersistenceExamples.app */,
			);
			name = Products;
			sourceTree = "<group>";
		};
		7F6974C228A8BC9C00BE9A08 /* PersistenceExamples */ = {
			isa = PBXGroup;
			children = (
				7F6974C328A8BC9C00BE9A08 /* AppDelegate.swift */,
				7F6974C528A8BC9C00BE9A08 /* SceneDelegate.swift */,
				7F6974C728A8BC9C00BE9A08 /* ViewController.swift */,
				7F6974C928A8BC9C00BE9A08 /* Main.storyboard */,
				7F6974CF28A8BC9D00BE9A08 /* Assets.xcassets */,
				7F6974D128A8BC9D00BE9A08 /* LaunchScreen.storyboard */,
				7F6974D428A8BC9D00BE9A08 /* Info.plist */,
				7F6974CC28A8BC9C00BE9A08 /* PersistenceExamples.xcdatamodeld */,
				7F6974E528A8CB1C00BE9A08 /* LocalOnlyQsTask.swift */,
			);
			path = PersistenceExamples;
			sourceTree = "<group>";
		};
/* End PBXGroup section */

/* Begin PBXNativeTarget section */
		7F6974BF28A8BC9C00BE9A08 /* PersistenceExamples */ = {
			isa = PBXNativeTarget;
			buildConfigurationList = 7F6974D728A8BC9D00BE9A08 /* Build configuration list for PBXNativeTarget "PersistenceExamples" */;
			buildPhases = (
				7F6974BC28A8BC9C00BE9A08 /* Sources */,
				7F6974BD28A8BC9C00BE9A08 /* Frameworks */,
				7F6974BE28A8BC9C00BE9A08 /* Resources */,
			);
			buildRules = (
			);
			dependencies = (
			);
			name = PersistenceExamples;
			packageProductDependencies = (
				7F6974E128A8BE6C00BE9A08 /* Realm */,
				7F6974E328A8BE6C00BE9A08 /* RealmSwift */,
			);
			productName = PersistenceExamples;
			productReference = 7F6974C028A8BC9C00BE9A08 /* PersistenceExamples.app */;
			productType = "com.apple.product-type.application";
		};
/* End PBXNativeTarget section */

/* Begin PBXProject section */
		7F6974B828A8BC9C00BE9A08 /* Project object */ = {
			isa = PBXProject;
			attributes = {
				BuildIndependentTargetsInParallel = 1;
				LastSwiftUpdateCheck = 1340;
				LastUpgradeCheck = 1340;
				TargetAttributes = {
					7F6974BF28A8BC9C00BE9A08 = {
						CreatedOnToolsVersion = 13.4.1;
					};
				};
			};
			buildConfigurationList = 7F6974BB28A8BC9C00BE9A08 /* Build configuration list for PBXProject "PersistenceExamples" */;
			compatibilityVersion = "Xcode 13.0";
			developmentRegion = en;
			hasScannedForEncodings = 0;
			knownRegions = (
				en,
				Base,
			);
			mainGroup = 7F6974B728A8BC9C00BE9A08;
			packageReferences = (
				7F6974E028A8BE6C00BE9A08 /* XCRemoteSwiftPackageReference "realm-swift" */,
			);
			productRefGroup = 7F6974C128A8BC9C00BE9A08 /* Products */;
			projectDirPath = "";
			projectRoot = "";
			targets = (
				7F6974BF28A8BC9C00BE9A08 /* PersistenceExamples */,
			);
		};
/* End PBXProject section */

/* Begin PBXResourcesBuildPhase section */
		7F6974BE28A8BC9C00BE9A08 /* Resources */ = {
			isa = PBXResourcesBuildPhase;
			buildActionMask = 2147483647;
			files = (
				7F6974D328A8BC9D00BE9A08 /* LaunchScreen.storyboard in Resources */,
				7F6974D028A8BC9D00BE9A08 /* Assets.xcassets in Resources */,
				7F6974CB28A8BC9C00BE9A08 /* Main.storyboard in Resources */,
			);
			runOnlyForDeploymentPostprocessing = 0;
		};
/* End PBXResourcesBuildPhase section */

/* Begin PBXSourcesBuildPhase section */
		7F6974BC28A8BC9C00BE9A08 /* Sources */ = {
			isa = PBXSourcesBuildPhase;
			buildActionMask = 2147483647;
			files = (
				7F6974CE28A8BC9C00BE9A08 /* PersistenceExamples.xcdatamodeld in Sources */,
				7F6974E628A8CB1C00BE9A08 /* LocalOnlyQsTask.swift in Sources */,
				7F6974C828A8BC9C00BE9A08 /* ViewController.swift in Sources */,
				7F6974C428A8BC9C00BE9A08 /* AppDelegate.swift in Sources */,
				7F6974C628A8BC9C00BE9A08 /* SceneDelegate.swift in Sources */,
			);
			runOnlyForDeploymentPostprocessing = 0;
		};
/* End PBXSourcesBuildPhase section */

/* Begin PBXVariantGroup section */
		7F6974C928A8BC9C00BE9A08 /* Main.storyboard */ = {
			isa = PBXVariantGroup;
			children = (
				7F6974CA28A8BC9C00BE9A08 /* Base */,
			);
			name = Main.storyboard;
			sourceTree = "<group>";
		};
		7F6974D128A8BC9D00BE9A08 /* LaunchScreen.storyboard */ = {
			isa = PBXVariantGroup;
			children = (
				7F6974D228A8BC9D00BE9A08 /* Base */,
			);
			name = LaunchScreen.storyboard;
			sourceTree = "<group>";
		};
/* End PBXVariantGroup section */

/* Begin XCBuildConfiguration section */
		7F6974D528A8BC9D00BE9A08 /* Debug */ = {
			isa = XCBuildConfiguration;
			buildSettings = {
				ALWAYS_SEARCH_USER_PATHS = NO;
				CLANG_ANALYZER_NONNULL = YES;
				CLANG_ANALYZER_NUMBER_OBJECT_CONVERSION = YES_AGGRESSIVE;
				CLANG_CXX_LANGUAGE_STANDARD = "gnu++17";
				CLANG_ENABLE_MODULES = YES;
				CLANG_ENABLE_OBJC_ARC = YES;
				CLANG_ENABLE_OBJC_WEAK = YES;
				CLANG_WARN_BLOCK_CAPTURE_AUTORELEASING = YES;
				CLANG_WARN_BOOL_CONVERSION = YES;
				CLANG_WARN_COMMA = YES;
				CLANG_WARN_CONSTANT_CONVERSION = YES;
				CLANG_WARN_DEPRECATED_OBJC_IMPLEMENTATIONS = YES;
				CLANG_WARN_DIRECT_OBJC_ISA_USAGE = YES_ERROR;
				CLANG_WARN_DOCUMENTATION_COMMENTS = YES;
				CLANG_WARN_EMPTY_BODY = YES;
				CLANG_WARN_ENUM_CONVERSION = YES;
				CLANG_WARN_INFINITE_RECURSION = YES;
				CLANG_WARN_INT_CONVERSION = YES;
				CLANG_WARN_NON_LITERAL_NULL_CONVERSION = YES;
				CLANG_WARN_OBJC_IMPLICIT_RETAIN_SELF = YES;
				CLANG_WARN_OBJC_LITERAL_CONVERSION = YES;
				CLANG_WARN_OBJC_ROOT_CLASS = YES_ERROR;
				CLANG_WARN_QUOTED_INCLUDE_IN_FRAMEWORK_HEADER = YES;
				CLANG_WARN_RANGE_LOOP_ANALYSIS = YES;
				CLANG_WARN_STRICT_PROTOTYPES = YES;
				CLANG_WARN_SUSPICIOUS_MOVE = YES;
				CLANG_WARN_UNGUARDED_AVAILABILITY = YES_AGGRESSIVE;
				CLANG_WARN_UNREACHABLE_CODE = YES;
				CLANG_WARN__DUPLICATE_METHOD_MATCH = YES;
				COPY_PHASE_STRIP = NO;
				DEBUG_INFORMATION_FORMAT = dwarf;
				ENABLE_STRICT_OBJC_MSGSEND = YES;
				ENABLE_TESTABILITY = YES;
				GCC_C_LANGUAGE_STANDARD = gnu11;
				GCC_DYNAMIC_NO_PIC = NO;
				GCC_NO_COMMON_BLOCKS = YES;
				GCC_OPTIMIZATION_LEVEL = 0;
				GCC_PREPROCESSOR_DEFINITIONS = (
					"DEBUG=1",
					"$(inherited)",
				);
				GCC_WARN_64_TO_32_BIT_CONVERSION = YES;
				GCC_WARN_ABOUT_RETURN_TYPE = YES_ERROR;
				GCC_WARN_UNDECLARED_SELECTOR = YES;
				GCC_WARN_UNINITIALIZED_AUTOS = YES_AGGRESSIVE;
				GCC_WARN_UNUSED_FUNCTION = YES;
				GCC_WARN_UNUSED_VARIABLE = YES;
				IPHONEOS_DEPLOYMENT_TARGET = 15.5;
				MTL_ENABLE_DEBUG_INFO = INCLUDE_SOURCE;
				MTL_FAST_MATH = YES;
				ONLY_ACTIVE_ARCH = YES;
				SDKROOT = iphoneos;
				SWIFT_ACTIVE_COMPILATION_CONDITIONS = DEBUG;
				SWIFT_OPTIMIZATION_LEVEL = "-Onone";
			};
			name = Debug;
		};
		7F6974D628A8BC9D00BE9A08 /* Release */ = {
			isa = XCBuildConfiguration;
			buildSettings = {
				ALWAYS_SEARCH_USER_PATHS = NO;
				CLANG_ANALYZER_NONNULL = YES;
				CLANG_ANALYZER_NUMBER_OBJECT_CONVERSION = YES_AGGRESSIVE;
				CLANG_CXX_LANGUAGE_STANDARD = "gnu++17";
				CLANG_ENABLE_MODULES = YES;
				CLANG_ENABLE_OBJC_ARC = YES;
				CLANG_ENABLE_OBJC_WEAK = YES;
				CLANG_WARN_BLOCK_CAPTURE_AUTORELEASING = YES;
				CLANG_WARN_BOOL_CONVERSION = YES;
				CLANG_WARN_COMMA = YES;
				CLANG_WARN_CONSTANT_CONVERSION = YES;
				CLANG_WARN_DEPRECATED_OBJC_IMPLEMENTATIONS = YES;
				CLANG_WARN_DIRECT_OBJC_ISA_USAGE = YES_ERROR;
				CLANG_WARN_DOCUMENTATION_COMMENTS = YES;
				CLANG_WARN_EMPTY_BODY = YES;
				CLANG_WARN_ENUM_CONVERSION = YES;
				CLANG_WARN_INFINITE_RECURSION = YES;
				CLANG_WARN_INT_CONVERSION = YES;
				CLANG_WARN_NON_LITERAL_NULL_CONVERSION = YES;
				CLANG_WARN_OBJC_IMPLICIT_RETAIN_SELF = YES;
				CLANG_WARN_OBJC_LITERAL_CONVERSION = YES;
				CLANG_WARN_OBJC_ROOT_CLASS = YES_ERROR;
				CLANG_WARN_QUOTED_INCLUDE_IN_FRAMEWORK_HEADER = YES;
				CLANG_WARN_RANGE_LOOP_ANALYSIS = YES;
				CLANG_WARN_STRICT_PROTOTYPES = YES;
				CLANG_WARN_SUSPICIOUS_MOVE = YES;
				CLANG_WARN_UNGUARDED_AVAILABILITY = YES_AGGRESSIVE;
				CLANG_WARN_UNREACHABLE_CODE = YES;
				CLANG_WARN__DUPLICATE_METHOD_MATCH = YES;
				COPY_PHASE_STRIP = NO;
				DEBUG_INFORMATION_FORMAT = "dwarf-with-dsym";
				ENABLE_NS_ASSERTIONS = NO;
				ENABLE_STRICT_OBJC_MSGSEND = YES;
				GCC_C_LANGUAGE_STANDARD = gnu11;
				GCC_NO_COMMON_BLOCKS = YES;
				GCC_WARN_64_TO_32_BIT_CONVERSION = YES;
				GCC_WARN_ABOUT_RETURN_TYPE = YES_ERROR;
				GCC_WARN_UNDECLARED_SELECTOR = YES;
				GCC_WARN_UNINITIALIZED_AUTOS = YES_AGGRESSIVE;
				GCC_WARN_UNUSED_FUNCTION = YES;
				GCC_WARN_UNUSED_VARIABLE = YES;
				IPHONEOS_DEPLOYMENT_TARGET = 15.5;
				MTL_ENABLE_DEBUG_INFO = NO;
				MTL_FAST_MATH = YES;
				SDKROOT = iphoneos;
				SWIFT_COMPILATION_MODE = wholemodule;
				SWIFT_OPTIMIZATION_LEVEL = "-O";
				VALIDATE_PRODUCT = YES;
			};
			name = Release;
		};
		7F6974D828A8BC9D00BE9A08 /* Debug */ = {
			isa = XCBuildConfiguration;
			buildSettings = {
				ASSETCATALOG_COMPILER_APPICON_NAME = AppIcon;
				ASSETCATALOG_COMPILER_GLOBAL_ACCENT_COLOR_NAME = AccentColor;
				CODE_SIGN_STYLE = Automatic;
				CURRENT_PROJECT_VERSION = 1;
				DEVELOPMENT_TEAM = 4UYL73L62L;
				GENERATE_INFOPLIST_FILE = YES;
				INFOPLIST_FILE = PersistenceExamples/Info.plist;
				INFOPLIST_KEY_UIApplicationSupportsIndirectInputEvents = YES;
				INFOPLIST_KEY_UILaunchStoryboardName = LaunchScreen;
				INFOPLIST_KEY_UIMainStoryboardFile = Main;
				INFOPLIST_KEY_UISupportedInterfaceOrientations_iPad = "UIInterfaceOrientationPortrait UIInterfaceOrientationPortraitUpsideDown UIInterfaceOrientationLandscapeLeft UIInterfaceOrientationLandscapeRight";
				INFOPLIST_KEY_UISupportedInterfaceOrientations_iPhone = "UIInterfaceOrientationPortrait UIInterfaceOrientationLandscapeLeft UIInterfaceOrientationLandscapeRight";
				LD_RUNPATH_SEARCH_PATHS = (
					"$(inherited)",
					"@executable_path/Frameworks",
				);
				MARKETING_VERSION = 1.0;
				PRODUCT_BUNDLE_IDENTIFIER = com.sanlegas.PersistenceExamples;
				PRODUCT_NAME = "$(TARGET_NAME)";
				SWIFT_EMIT_LOC_STRINGS = YES;
				SWIFT_VERSION = 5.0;
				TARGETED_DEVICE_FAMILY = "1,2";
			};
			name = Debug;
		};
		7F6974D928A8BC9D00BE9A08 /* Release */ = {
			isa = XCBuildConfiguration;
			buildSettings = {
				ASSETCATALOG_COMPILER_APPICON_NAME = AppIcon;
				ASSETCATALOG_COMPILER_GLOBAL_ACCENT_COLOR_NAME = AccentColor;
				CODE_SIGN_STYLE = Automatic;
				CURRENT_PROJECT_VERSION = 1;
				DEVELOPMENT_TEAM = 4UYL73L62L;
				GENERATE_INFOPLIST_FILE = YES;
				INFOPLIST_FILE = PersistenceExamples/Info.plist;
				INFOPLIST_KEY_UIApplicationSupportsIndirectInputEvents = YES;
				INFOPLIST_KEY_UILaunchStoryboardName = LaunchScreen;
				INFOPLIST_KEY_UIMainStoryboardFile = Main;
				INFOPLIST_KEY_UISupportedInterfaceOrientations_iPad = "UIInterfaceOrientationPortrait UIInterfaceOrientationPortraitUpsideDown UIInterfaceOrientationLandscapeLeft UIInterfaceOrientationLandscapeRight";
				INFOPLIST_KEY_UISupportedInterfaceOrientations_iPhone = "UIInterfaceOrientationPortrait UIInterfaceOrientationLandscapeLeft UIInterfaceOrientationLandscapeRight";
				LD_RUNPATH_SEARCH_PATHS = (
					"$(inherited)",
					"@executable_path/Frameworks",
				);
				MARKETING_VERSION = 1.0;
				PRODUCT_BUNDLE_IDENTIFIER = com.sanlegas.PersistenceExamples;
				PRODUCT_NAME = "$(TARGET_NAME)";
				SWIFT_EMIT_LOC_STRINGS = YES;
				SWIFT_VERSION = 5.0;
				TARGETED_DEVICE_FAMILY = "1,2";
			};
			name = Release;
		};
/* End XCBuildConfiguration section */

/* Begin XCConfigurationList section */
		7F6974BB28A8BC9C00BE9A08 /* Build configuration list for PBXProject "PersistenceExamples" */ = {
			isa = XCConfigurationList;
			buildConfigurations = (
				7F6974D528A8BC9D00BE9A08 /* Debug */,
				7F6974D628A8BC9D00BE9A08 /* Release */,
			);
			defaultConfigurationIsVisible = 0;
			defaultConfigurationName = Release;
		};
		7F6974D728A8BC9D00BE9A08 /* Build configuration list for PBXNativeTarget "PersistenceExamples" */ = {
			isa = XCConfigurationList;
			buildConfigurations = (
				7F6974D828A8BC9D00BE9A08 /* Debug */,
				7F6974D928A8BC9D00BE9A08 /* Release */,
			);
			defaultConfigurationIsVisible = 0;
			defaultConfigurationName = Release;
		};
/* End XCConfigurationList section */

/* Begin XCRemoteSwiftPackageReference section */
		7F6974E028A8BE6C00BE9A08 /* XCRemoteSwiftPackageReference "realm-swift" */ = {
			isa = XCRemoteSwiftPackageReference;
			repositoryURL = "https://github.com/realm/realm-swift.git";
			requirement = {
				branch = master;
				kind = branch;
			};
		};
/* End XCRemoteSwiftPackageReference section */

/* Begin XCSwiftPackageProductDependency section */
		7F6974E128A8BE6C00BE9A08 /* Realm */ = {
			isa = XCSwiftPackageProductDependency;
			package = 7F6974E028A8BE6C00BE9A08 /* XCRemoteSwiftPackageReference "realm-swift" */;
			productName = Realm;
		};
		7F6974E328A8BE6C00BE9A08 /* RealmSwift */ = {
			isa = XCSwiftPackageProductDependency;
			package = 7F6974E028A8BE6C00BE9A08 /* XCRemoteSwiftPackageReference "realm-swift" */;
			productName = RealmSwift;
		};
/* End XCSwiftPackageProductDependency section */

/* Begin XCVersionGroup section */
		7F6974CC28A8BC9C00BE9A08 /* PersistenceExamples.xcdatamodeld */ = {
			isa = XCVersionGroup;
			children = (
				7F6974CD28A8BC9C00BE9A08 /* PersistenceExamples.xcdatamodel */,
			);
			currentVersion = 7F6974CD28A8BC9C00BE9A08 /* PersistenceExamples.xcdatamodel */;
			path = PersistenceExamples.xcdatamodeld;
			sourceTree = "<group>";
			versionGroupType = wrapper.xcdatamodel;
		};
/* End XCVersionGroup section */
	};
	rootObject = 7F6974B828A8BC9C00BE9A08 /* Project object */;
}
